// !$*UTF8*$!
{
	archiveVersion = 1;
	classes = {
	};
	objectVersion = 46;
	objects = {

/* Begin PBXBuildFile section */
		092F26FC3E869AA99B055C5D /* CoreVideo.framework in Frameworks */ = {isa = PBXBuildFile; fileRef = C90095D70CF1C0D57DFD86EE /* CoreVideo.framework */; };
		18C68755F0F7B728F62E427A /* CoreText.framework in Frameworks */ = {isa = PBXBuildFile; fileRef = B66D5C827854168A7B02D4FF /* CoreText.framework */; };
		1E8D641EF578C4A5D056727B /* CoreTelephony.framework in Frameworks */ = {isa = PBXBuildFile; fileRef = ECCB11CC5E3AA5D41448189E /* CoreTelephony.framework */; };
		363CB67181F2FC9220DD6ECB /* BuddyBuildSDK.framework in Frameworks */ = {isa = PBXBuildFile; fileRef = CBB0C2263DB5E4B4229F5069 /* BuddyBuildSDK.framework */; };
		46ED118CB9869771224D2B78 /* AssetsLibrary.framework in Frameworks */ = {isa = PBXBuildFile; fileRef = F689BFCDD74395A5A1C33FC2 /* AssetsLibrary.framework */; };
		4A1680B51F2A8ECE004E30CC /* AppDelegate.swift in Sources */ = {isa = PBXBuildFile; fileRef = 4A1680B41F2A8ECE004E30CC /* AppDelegate.swift */; };
		4A1680B71F2A8ECE004E30CC /* MarsImageTableViewController.swift in Sources */ = {isa = PBXBuildFile; fileRef = 4A1680B61F2A8ECE004E30CC /* MarsImageTableViewController.swift */; };
		4A1680BA1F2A8ECE004E30CC /* Main.storyboard in Resources */ = {isa = PBXBuildFile; fileRef = 4A1680B81F2A8ECE004E30CC /* Main.storyboard */; };
		4A1680BC1F2A8ECE004E30CC /* Assets.xcassets in Resources */ = {isa = PBXBuildFile; fileRef = 4A1680BB1F2A8ECE004E30CC /* Assets.xcassets */; };
		4A1680BF1F2A8ECE004E30CC /* LaunchScreen.storyboard in Resources */ = {isa = PBXBuildFile; fileRef = 4A1680BD1F2A8ECE004E30CC /* LaunchScreen.storyboard */; };
		4A1680CA1F2A8ECE004E30CC /* MarsImagesIOSTests.swift in Sources */ = {isa = PBXBuildFile; fileRef = 4A1680C91F2A8ECE004E30CC /* MarsImagesIOSTests.swift */; };
		4A1680E31F2A8F32004E30CC /* Podfile in Resources */ = {isa = PBXBuildFile; fileRef = 4A1680E21F2A8F32004E30CC /* Podfile */; };
		4A1680E71F2AA4C1004E30CC /* MarsImageCatalog.swift in Sources */ = {isa = PBXBuildFile; fileRef = 4A1680E61F2AA4C1004E30CC /* MarsImageCatalog.swift */; };
		4A1680E91F2AA559004E30CC /* EvernoteMarsImageCatalog.swift in Sources */ = {isa = PBXBuildFile; fileRef = 4A1680E81F2AA559004E30CC /* EvernoteMarsImageCatalog.swift */; };
		4A1680EB1F2AAFE9004E30CC /* Mission.swift in Sources */ = {isa = PBXBuildFile; fileRef = 4A1680EA1F2AAFE9004E30CC /* Mission.swift */; };
		4A19B3071F6CA146008BA1E6 /* mosaic.scnassets in Resources */ = {isa = PBXBuildFile; fileRef = 4A19B3061F6CA146008BA1E6 /* mosaic.scnassets */; };
		4A27873F1F4F22D200CA47C7 /* ImageUtility.swift in Sources */ = {isa = PBXBuildFile; fileRef = 4A27873E1F4F22D200CA47C7 /* ImageUtility.swift */; };
		4A28AA6D1F40BF1E006DEA66 /* TimeViewController.swift in Sources */ = {isa = PBXBuildFile; fileRef = 4A28AA6C1F40BF1E006DEA66 /* TimeViewController.swift */; };
		4A620E381F3BE79C00A82019 /* AboutViewController.swift in Sources */ = {isa = PBXBuildFile; fileRef = 4A620E371F3BE79C00A82019 /* AboutViewController.swift */; };
		4A8AE5941F6EF98E00FD729C /* MosaicLoader.swift in Sources */ = {isa = PBXBuildFile; fileRef = 4A8AE5931F6EF98E00FD729C /* MosaicLoader.swift */; };
		4A8B727F1FD08D9F007B0971 /* EDAMNoteStoreClient+ExceptionHandler.m in Sources */ = {isa = PBXBuildFile; fileRef = 4A8B727E1FD08D9F007B0971 /* EDAMNoteStoreClient+ExceptionHandler.m */; };
		4A8BB2681F2D41FF00E07B49 /* ArrowButton.swift in Sources */ = {isa = PBXBuildFile; fileRef = 4A8BB2671F2D41FF00E07B49 /* ArrowButton.swift */; };
		4A8BB26A1F2D498900E07B49 /* LeftDrawerViewController.swift in Sources */ = {isa = PBXBuildFile; fileRef = 4A8BB2691F2D498900E07B49 /* LeftDrawerViewController.swift */; };
		4A8BB26C1F2D504200E07B49 /* MarsImageViewController.swift in Sources */ = {isa = PBXBuildFile; fileRef = 4A8BB26B1F2D504200E07B49 /* MarsImageViewController.swift */; };
		4A9DE9D01F2BDA160059C9C9 /* MarsPhoto.swift in Sources */ = {isa = PBXBuildFile; fileRef = 4A9DE9CF1F2BDA160059C9C9 /* MarsPhoto.swift */; };
		4A9DE9D21F2C15B00059C9C9 /* MER.swift in Sources */ = {isa = PBXBuildFile; fileRef = 4A9DE9D11F2C15B00059C9C9 /* MER.swift */; };
		4A9DE9D41F2C15C00059C9C9 /* Opportunity.swift in Sources */ = {isa = PBXBuildFile; fileRef = 4A9DE9D31F2C15C00059C9C9 /* Opportunity.swift */; };
		4A9DE9D61F2C15CC0059C9C9 /* Spirit.swift in Sources */ = {isa = PBXBuildFile; fileRef = 4A9DE9D51F2C15CC0059C9C9 /* Spirit.swift */; };
		4A9DE9D81F2C15D30059C9C9 /* Curiosity.swift in Sources */ = {isa = PBXBuildFile; fileRef = 4A9DE9D71F2C15D30059C9C9 /* Curiosity.swift */; };
		4AA2EFE11F62404B00398E93 /* MosaicViewController.swift in Sources */ = {isa = PBXBuildFile; fileRef = 4AA2EFE01F62404B00398E93 /* MosaicViewController.swift */; };
		4AAAB5301F2E388C001D810D /* Constants.swift in Sources */ = {isa = PBXBuildFile; fileRef = 4AAAB52F1F2E388C001D810D /* Constants.swift */; };
		4AB4012D20AD25EA0073895A /* Log.swift in Sources */ = {isa = PBXBuildFile; fileRef = 4AB4012C20AD25EA0073895A /* Log.swift */; };
		4AC87A491FC748FB0024019D /* ImageSelectionMenuViewController.swift in Sources */ = {isa = PBXBuildFile; fileRef = 4AC87A481FC748FB0024019D /* ImageSelectionMenuViewController.swift */; };
		4ACBEAA41F34CD4700F03F43 /* InternetReachabilityStatus.swift in Sources */ = {isa = PBXBuildFile; fileRef = 4ACBEAA31F34CD4700F03F43 /* InternetReachabilityStatus.swift */; };
		4ACDF36A2012A47C00775FC0 /* fastlane in Resources */ = {isa = PBXBuildFile; fileRef = 4ACDF3692012A47C00775FC0 /* fastlane */; };
		4ACDF36C2012A50600775FC0 /* .gitignore in Resources */ = {isa = PBXBuildFile; fileRef = 4ACDF36B2012A50600775FC0 /* .gitignore */; };
		4ADBC6871F7A6E83004D98D2 /* ImageQuad.swift in Sources */ = {isa = PBXBuildFile; fileRef = 4ADBC6861F7A6E83004D98D2 /* ImageQuad.swift */; };
		4ADBC6891F7A74A0004D98D2 /* Quaternion.swift in Sources */ = {isa = PBXBuildFile; fileRef = 4ADBC6881F7A74A0004D98D2 /* Quaternion.swift */; };
		4AE403661F4A4A5F00163394 /* CameraModel.swift in Sources */ = {isa = PBXBuildFile; fileRef = 4AE403651F4A4A5F00163394 /* CameraModel.swift */; };
		4AE403681F4A524100163394 /* CameraModelUtils.swift in Sources */ = {isa = PBXBuildFile; fileRef = 4AE403671F4A524100163394 /* CameraModelUtils.swift */; };
		4AE4036A1F4A5B5600163394 /* CAHV.swift in Sources */ = {isa = PBXBuildFile; fileRef = 4AE403691F4A5B5600163394 /* CAHV.swift */; };
		4AE4036C1F4A794200163394 /* Math.swift in Sources */ = {isa = PBXBuildFile; fileRef = 4AE4036B1F4A794200163394 /* Math.swift */; };
		4AE4036E1F4A881F00163394 /* CAHVOR.swift in Sources */ = {isa = PBXBuildFile; fileRef = 4AE4036D1F4A881F00163394 /* CAHVOR.swift */; };
		4AE403701F4A886F00163394 /* CAHVORE.swift in Sources */ = {isa = PBXBuildFile; fileRef = 4AE4036F1F4A886F00163394 /* CAHVORE.swift */; };
		50C2125B5022DD67069ACD03 /* Pods_MarsImagesTests.framework in Frameworks */ = {isa = PBXBuildFile; fileRef = 4DBF826EF924C813553C4827 /* Pods_MarsImagesTests.framework */; };
		63549E851D88CFA70D695ED1 /* AVFoundation.framework in Frameworks */ = {isa = PBXBuildFile; fileRef = EEECD7C3E6ACE3589C1A4FD6 /* AVFoundation.framework */; };
		B35FF75FAB5C5C9B2982D1F2 /* QuartzCore.framework in Frameworks */ = {isa = PBXBuildFile; fileRef = 9C7B156D5570DF0FD0ACADCE /* QuartzCore.framework */; };
		BF4A1B16C55CE630ECBE5159 /* SystemConfiguration.framework in Frameworks */ = {isa = PBXBuildFile; fileRef = C21B79A2C2DDC09341648D39 /* SystemConfiguration.framework */; };
		C9D96EC87A90F36FB4F5847A /* Pods_MarsImages.framework in Frameworks */ = {isa = PBXBuildFile; fileRef = 3FBE5C98E80D1BBED3D290DF /* Pods_MarsImages.framework */; };
		CF38A2CE2269693FE308B551 /* CoreMedia.framework in Frameworks */ = {isa = PBXBuildFile; fileRef = 96A22408CEE08A874793958F /* CoreMedia.framework */; };
/* End PBXBuildFile section */

/* Begin PBXContainerItemProxy section */
		4A1680C61F2A8ECE004E30CC /* PBXContainerItemProxy */ = {
			isa = PBXContainerItemProxy;
			containerPortal = 4A1680A91F2A8ECE004E30CC /* Project object */;
			proxyType = 1;
			remoteGlobalIDString = 4A1680B01F2A8ECE004E30CC;
			remoteInfo = MarsImagesIOS;
		};
/* End PBXContainerItemProxy section */

/* Begin PBXFileReference section */
		07E36DC40E6E05FD0473BC27 /* Pods-MarsImagesUITests.release.xcconfig */ = {isa = PBXFileReference; includeInIndex = 1; lastKnownFileType = text.xcconfig; name = "Pods-MarsImagesUITests.release.xcconfig"; path = "Pods/Target Support Files/Pods-MarsImagesUITests/Pods-MarsImagesUITests.release.xcconfig"; sourceTree = "<group>"; };
		16D004CB83B15B2D0BD97730 /* Pods-MarsImages.debug.xcconfig */ = {isa = PBXFileReference; includeInIndex = 1; lastKnownFileType = text.xcconfig; name = "Pods-MarsImages.debug.xcconfig"; path = "Pods/Target Support Files/Pods-MarsImages/Pods-MarsImages.debug.xcconfig"; sourceTree = "<group>"; };
		3FBE5C98E80D1BBED3D290DF /* Pods_MarsImages.framework */ = {isa = PBXFileReference; explicitFileType = wrapper.framework; includeInIndex = 0; path = Pods_MarsImages.framework; sourceTree = BUILT_PRODUCTS_DIR; };
		42E3D9EDCB92E1DDA5B2CA33 /* Pods_MarsImagesUITests.framework */ = {isa = PBXFileReference; explicitFileType = wrapper.framework; includeInIndex = 0; path = Pods_MarsImagesUITests.framework; sourceTree = BUILT_PRODUCTS_DIR; };
		4A1680B11F2A8ECE004E30CC /* MarsImages.app */ = {isa = PBXFileReference; explicitFileType = wrapper.application; includeInIndex = 0; path = MarsImages.app; sourceTree = BUILT_PRODUCTS_DIR; };
		4A1680B41F2A8ECE004E30CC /* AppDelegate.swift */ = {isa = PBXFileReference; lastKnownFileType = sourcecode.swift; path = AppDelegate.swift; sourceTree = "<group>"; };
		4A1680B61F2A8ECE004E30CC /* MarsImageTableViewController.swift */ = {isa = PBXFileReference; lastKnownFileType = sourcecode.swift; path = MarsImageTableViewController.swift; sourceTree = "<group>"; };
		4A1680B91F2A8ECE004E30CC /* Base */ = {isa = PBXFileReference; lastKnownFileType = file.storyboard; name = Base; path = Base.lproj/Main.storyboard; sourceTree = "<group>"; };
		4A1680BB1F2A8ECE004E30CC /* Assets.xcassets */ = {isa = PBXFileReference; lastKnownFileType = folder.assetcatalog; path = Assets.xcassets; sourceTree = "<group>"; };
		4A1680BE1F2A8ECE004E30CC /* Base */ = {isa = PBXFileReference; lastKnownFileType = file.storyboard; name = Base; path = Base.lproj/LaunchScreen.storyboard; sourceTree = "<group>"; };
		4A1680C01F2A8ECE004E30CC /* Info.plist */ = {isa = PBXFileReference; lastKnownFileType = text.plist.xml; path = Info.plist; sourceTree = "<group>"; };
		4A1680C51F2A8ECE004E30CC /* MarsImagesTests.xctest */ = {isa = PBXFileReference; explicitFileType = wrapper.cfbundle; includeInIndex = 0; path = MarsImagesTests.xctest; sourceTree = BUILT_PRODUCTS_DIR; };
		4A1680C91F2A8ECE004E30CC /* MarsImagesIOSTests.swift */ = {isa = PBXFileReference; lastKnownFileType = sourcecode.swift; path = MarsImagesIOSTests.swift; sourceTree = "<group>"; };
		4A1680CB1F2A8ECE004E30CC /* Info.plist */ = {isa = PBXFileReference; lastKnownFileType = text.plist.xml; path = Info.plist; sourceTree = "<group>"; };
		4A1680E21F2A8F32004E30CC /* Podfile */ = {isa = PBXFileReference; fileEncoding = 4; lastKnownFileType = text; path = Podfile; sourceTree = "<group>"; xcLanguageSpecificationIdentifier = xcode.lang.ruby; };
		4A1680E61F2AA4C1004E30CC /* MarsImageCatalog.swift */ = {isa = PBXFileReference; fileEncoding = 4; lastKnownFileType = sourcecode.swift; path = MarsImageCatalog.swift; sourceTree = "<group>"; };
		4A1680E81F2AA559004E30CC /* EvernoteMarsImageCatalog.swift */ = {isa = PBXFileReference; fileEncoding = 4; lastKnownFileType = sourcecode.swift; path = EvernoteMarsImageCatalog.swift; sourceTree = "<group>"; };
		4A1680EA1F2AAFE9004E30CC /* Mission.swift */ = {isa = PBXFileReference; fileEncoding = 4; lastKnownFileType = sourcecode.swift; path = Mission.swift; sourceTree = "<group>"; };
		4A19B3061F6CA146008BA1E6 /* mosaic.scnassets */ = {isa = PBXFileReference; lastKnownFileType = wrapper.scnassets; path = mosaic.scnassets; sourceTree = "<group>"; };
		4A27873E1F4F22D200CA47C7 /* ImageUtility.swift */ = {isa = PBXFileReference; fileEncoding = 4; lastKnownFileType = sourcecode.swift; path = ImageUtility.swift; sourceTree = "<group>"; };
		4A28AA6C1F40BF1E006DEA66 /* TimeViewController.swift */ = {isa = PBXFileReference; fileEncoding = 4; lastKnownFileType = sourcecode.swift; path = TimeViewController.swift; sourceTree = "<group>"; };
		4A620E371F3BE79C00A82019 /* AboutViewController.swift */ = {isa = PBXFileReference; fileEncoding = 4; lastKnownFileType = sourcecode.swift; path = AboutViewController.swift; sourceTree = "<group>"; };
		4A8AE5931F6EF98E00FD729C /* MosaicLoader.swift */ = {isa = PBXFileReference; fileEncoding = 4; lastKnownFileType = sourcecode.swift; path = MosaicLoader.swift; sourceTree = "<group>"; };
		4A8B727D1FD08D9F007B0971 /* EDAMNoteStoreClient+ExceptionHandler.h */ = {isa = PBXFileReference; lastKnownFileType = sourcecode.c.h; path = "EDAMNoteStoreClient+ExceptionHandler.h"; sourceTree = "<group>"; };
		4A8B727E1FD08D9F007B0971 /* EDAMNoteStoreClient+ExceptionHandler.m */ = {isa = PBXFileReference; lastKnownFileType = sourcecode.c.objc; path = "EDAMNoteStoreClient+ExceptionHandler.m"; sourceTree = "<group>"; };
		4A8BB2671F2D41FF00E07B49 /* ArrowButton.swift */ = {isa = PBXFileReference; fileEncoding = 4; lastKnownFileType = sourcecode.swift; path = ArrowButton.swift; sourceTree = "<group>"; };
		4A8BB2691F2D498900E07B49 /* LeftDrawerViewController.swift */ = {isa = PBXFileReference; fileEncoding = 4; lastKnownFileType = sourcecode.swift; path = LeftDrawerViewController.swift; sourceTree = "<group>"; };
		4A8BB26B1F2D504200E07B49 /* MarsImageViewController.swift */ = {isa = PBXFileReference; fileEncoding = 4; lastKnownFileType = sourcecode.swift; path = MarsImageViewController.swift; sourceTree = "<group>"; };
		4A9A88C91F550ACF00DF9378 /* MarsImages.entitlements */ = {isa = PBXFileReference; lastKnownFileType = text.plist.entitlements; path = MarsImages.entitlements; sourceTree = "<group>"; };
		4A9DE9CF1F2BDA160059C9C9 /* MarsPhoto.swift */ = {isa = PBXFileReference; fileEncoding = 4; lastKnownFileType = sourcecode.swift; path = MarsPhoto.swift; sourceTree = "<group>"; };
		4A9DE9D11F2C15B00059C9C9 /* MER.swift */ = {isa = PBXFileReference; fileEncoding = 4; lastKnownFileType = sourcecode.swift; path = MER.swift; sourceTree = "<group>"; };
		4A9DE9D31F2C15C00059C9C9 /* Opportunity.swift */ = {isa = PBXFileReference; fileEncoding = 4; lastKnownFileType = sourcecode.swift; path = Opportunity.swift; sourceTree = "<group>"; };
		4A9DE9D51F2C15CC0059C9C9 /* Spirit.swift */ = {isa = PBXFileReference; fileEncoding = 4; lastKnownFileType = sourcecode.swift; path = Spirit.swift; sourceTree = "<group>"; };
		4A9DE9D71F2C15D30059C9C9 /* Curiosity.swift */ = {isa = PBXFileReference; fileEncoding = 4; lastKnownFileType = sourcecode.swift; path = Curiosity.swift; sourceTree = "<group>"; };
		4AA2EFE01F62404B00398E93 /* MosaicViewController.swift */ = {isa = PBXFileReference; fileEncoding = 4; lastKnownFileType = sourcecode.swift; path = MosaicViewController.swift; sourceTree = "<group>"; };
		4AAAB52F1F2E388C001D810D /* Constants.swift */ = {isa = PBXFileReference; fileEncoding = 4; lastKnownFileType = sourcecode.swift; path = Constants.swift; sourceTree = "<group>"; };
		4AB4012C20AD25EA0073895A /* Log.swift */ = {isa = PBXFileReference; lastKnownFileType = sourcecode.swift; path = Log.swift; sourceTree = "<group>"; };
		4AC87A481FC748FB0024019D /* ImageSelectionMenuViewController.swift */ = {isa = PBXFileReference; lastKnownFileType = sourcecode.swift; path = ImageSelectionMenuViewController.swift; sourceTree = "<group>"; };
		4ACBEAA31F34CD4700F03F43 /* InternetReachabilityStatus.swift */ = {isa = PBXFileReference; fileEncoding = 4; lastKnownFileType = sourcecode.swift; path = InternetReachabilityStatus.swift; sourceTree = "<group>"; };
		4ACDF3692012A47C00775FC0 /* fastlane */ = {isa = PBXFileReference; lastKnownFileType = folder; path = fastlane; sourceTree = "<group>"; };
		4ACDF36B2012A50600775FC0 /* .gitignore */ = {isa = PBXFileReference; fileEncoding = 4; lastKnownFileType = text; path = .gitignore; sourceTree = "<group>"; };
		4ADBC6861F7A6E83004D98D2 /* ImageQuad.swift */ = {isa = PBXFileReference; fileEncoding = 4; lastKnownFileType = sourcecode.swift; path = ImageQuad.swift; sourceTree = "<group>"; };
		4ADBC6881F7A74A0004D98D2 /* Quaternion.swift */ = {isa = PBXFileReference; fileEncoding = 4; lastKnownFileType = sourcecode.swift; path = Quaternion.swift; sourceTree = "<group>"; };
		4AE403651F4A4A5F00163394 /* CameraModel.swift */ = {isa = PBXFileReference; fileEncoding = 4; lastKnownFileType = sourcecode.swift; path = CameraModel.swift; sourceTree = "<group>"; };
		4AE403671F4A524100163394 /* CameraModelUtils.swift */ = {isa = PBXFileReference; fileEncoding = 4; lastKnownFileType = sourcecode.swift; path = CameraModelUtils.swift; sourceTree = "<group>"; };
		4AE403691F4A5B5600163394 /* CAHV.swift */ = {isa = PBXFileReference; fileEncoding = 4; lastKnownFileType = sourcecode.swift; path = CAHV.swift; sourceTree = "<group>"; };
		4AE4036B1F4A794200163394 /* Math.swift */ = {isa = PBXFileReference; fileEncoding = 4; lastKnownFileType = sourcecode.swift; path = Math.swift; sourceTree = "<group>"; };
		4AE4036D1F4A881F00163394 /* CAHVOR.swift */ = {isa = PBXFileReference; fileEncoding = 4; lastKnownFileType = sourcecode.swift; path = CAHVOR.swift; sourceTree = "<group>"; };
		4AE4036F1F4A886F00163394 /* CAHVORE.swift */ = {isa = PBXFileReference; fileEncoding = 4; lastKnownFileType = sourcecode.swift; path = CAHVORE.swift; sourceTree = "<group>"; };
		4DBF826EF924C813553C4827 /* Pods_MarsImagesTests.framework */ = {isa = PBXFileReference; explicitFileType = wrapper.framework; includeInIndex = 0; path = Pods_MarsImagesTests.framework; sourceTree = BUILT_PRODUCTS_DIR; };
		4EE74FDCD2F101C54D3C90AB /* Pods-MarsImagesTests.debug.xcconfig */ = {isa = PBXFileReference; includeInIndex = 1; lastKnownFileType = text.xcconfig; name = "Pods-MarsImagesTests.debug.xcconfig"; path = "Pods/Target Support Files/Pods-MarsImagesTests/Pods-MarsImagesTests.debug.xcconfig"; sourceTree = "<group>"; };
		80EDBB854FD066C0FD11671B /* Pods-MarsImagesTests.release.xcconfig */ = {isa = PBXFileReference; includeInIndex = 1; lastKnownFileType = text.xcconfig; name = "Pods-MarsImagesTests.release.xcconfig"; path = "Pods/Target Support Files/Pods-MarsImagesTests/Pods-MarsImagesTests.release.xcconfig"; sourceTree = "<group>"; };
		954E79874BFB4D625133B5C2 /* Pods-MarsImagesUITests.debug.xcconfig */ = {isa = PBXFileReference; includeInIndex = 1; lastKnownFileType = text.xcconfig; name = "Pods-MarsImagesUITests.debug.xcconfig"; path = "Pods/Target Support Files/Pods-MarsImagesUITests/Pods-MarsImagesUITests.debug.xcconfig"; sourceTree = "<group>"; };
		96A22408CEE08A874793958F /* CoreMedia.framework */ = {isa = PBXFileReference; lastKnownFileType = wrapper.framework; name = CoreMedia.framework; path = System/Library/Frameworks/CoreMedia.framework; sourceTree = SDKROOT; };
		9C7B156D5570DF0FD0ACADCE /* QuartzCore.framework */ = {isa = PBXFileReference; lastKnownFileType = wrapper.framework; name = QuartzCore.framework; path = System/Library/Frameworks/QuartzCore.framework; sourceTree = SDKROOT; };
		9D4F917DACE5CEDC37C16609 /* Pods-MarsImages.release.xcconfig */ = {isa = PBXFileReference; includeInIndex = 1; lastKnownFileType = text.xcconfig; name = "Pods-MarsImages.release.xcconfig"; path = "Pods/Target Support Files/Pods-MarsImages/Pods-MarsImages.release.xcconfig"; sourceTree = "<group>"; };
		B5847D9CA25F2A40C94E1283 /* Bridging-Header.h */ = {isa = PBXFileReference; includeInIndex = 1; lastKnownFileType = sourcecode.c.h; path = "Bridging-Header.h"; sourceTree = "<group>"; };
		B66D5C827854168A7B02D4FF /* CoreText.framework */ = {isa = PBXFileReference; lastKnownFileType = wrapper.framework; name = CoreText.framework; path = System/Library/Frameworks/CoreText.framework; sourceTree = SDKROOT; };
		C21B79A2C2DDC09341648D39 /* SystemConfiguration.framework */ = {isa = PBXFileReference; lastKnownFileType = wrapper.framework; name = SystemConfiguration.framework; path = System/Library/Frameworks/SystemConfiguration.framework; sourceTree = SDKROOT; };
		C90095D70CF1C0D57DFD86EE /* CoreVideo.framework */ = {isa = PBXFileReference; lastKnownFileType = wrapper.framework; name = CoreVideo.framework; path = System/Library/Frameworks/CoreVideo.framework; sourceTree = SDKROOT; };
		CBB0C2263DB5E4B4229F5069 /* BuddyBuildSDK.framework */ = {isa = PBXFileReference; lastKnownFileType = wrapper.framework; path = BuddyBuildSDK.framework; sourceTree = "<group>"; };
		ECCB11CC5E3AA5D41448189E /* CoreTelephony.framework */ = {isa = PBXFileReference; lastKnownFileType = wrapper.framework; name = CoreTelephony.framework; path = System/Library/Frameworks/CoreTelephony.framework; sourceTree = SDKROOT; };
		EEECD7C3E6ACE3589C1A4FD6 /* AVFoundation.framework */ = {isa = PBXFileReference; lastKnownFileType = wrapper.framework; name = AVFoundation.framework; path = System/Library/Frameworks/AVFoundation.framework; sourceTree = SDKROOT; };
		F689BFCDD74395A5A1C33FC2 /* AssetsLibrary.framework */ = {isa = PBXFileReference; lastKnownFileType = wrapper.framework; name = AssetsLibrary.framework; path = System/Library/Frameworks/AssetsLibrary.framework; sourceTree = SDKROOT; };
/* End PBXFileReference section */

/* Begin PBXFrameworksBuildPhase section */
		4A1680AE1F2A8ECE004E30CC /* Frameworks */ = {
			isa = PBXFrameworksBuildPhase;
			buildActionMask = 2147483647;
			files = (
				C9D96EC87A90F36FB4F5847A /* Pods_MarsImages.framework in Frameworks */,
				363CB67181F2FC9220DD6ECB /* BuddyBuildSDK.framework in Frameworks */,
				46ED118CB9869771224D2B78 /* AssetsLibrary.framework in Frameworks */,
				18C68755F0F7B728F62E427A /* CoreText.framework in Frameworks */,
				1E8D641EF578C4A5D056727B /* CoreTelephony.framework in Frameworks */,
				BF4A1B16C55CE630ECBE5159 /* SystemConfiguration.framework in Frameworks */,
				B35FF75FAB5C5C9B2982D1F2 /* QuartzCore.framework in Frameworks */,
				63549E851D88CFA70D695ED1 /* AVFoundation.framework in Frameworks */,
				CF38A2CE2269693FE308B551 /* CoreMedia.framework in Frameworks */,
				092F26FC3E869AA99B055C5D /* CoreVideo.framework in Frameworks */,
			);
			runOnlyForDeploymentPostprocessing = 0;
		};
		4A1680C21F2A8ECE004E30CC /* Frameworks */ = {
			isa = PBXFrameworksBuildPhase;
			buildActionMask = 2147483647;
			files = (
				50C2125B5022DD67069ACD03 /* Pods_MarsImagesTests.framework in Frameworks */,
			);
			runOnlyForDeploymentPostprocessing = 0;
		};
/* End PBXFrameworksBuildPhase section */

/* Begin PBXGroup section */
		44781952AD078E579E83D215 /* Pods */ = {
			isa = PBXGroup;
			children = (
				16D004CB83B15B2D0BD97730 /* Pods-MarsImages.debug.xcconfig */,
				9D4F917DACE5CEDC37C16609 /* Pods-MarsImages.release.xcconfig */,
				4EE74FDCD2F101C54D3C90AB /* Pods-MarsImagesTests.debug.xcconfig */,
				80EDBB854FD066C0FD11671B /* Pods-MarsImagesTests.release.xcconfig */,
				954E79874BFB4D625133B5C2 /* Pods-MarsImagesUITests.debug.xcconfig */,
				07E36DC40E6E05FD0473BC27 /* Pods-MarsImagesUITests.release.xcconfig */,
			);
			name = Pods;
			sourceTree = "<group>";
		};
		4A1680A81F2A8ECE004E30CC = {
			isa = PBXGroup;
			children = (
				4ACDF36B2012A50600775FC0 /* .gitignore */,
				4ACDF3692012A47C00775FC0 /* fastlane */,
				4A9A88C91F550ACF00DF9378 /* MarsImages.entitlements */,
				4A1680E21F2A8F32004E30CC /* Podfile */,
				4A1680B31F2A8ECE004E30CC /* MarsImagesIOS */,
				4A1680C81F2A8ECE004E30CC /* MarsImagesIOSTests */,
				4A1680B21F2A8ECE004E30CC /* Products */,
				44781952AD078E579E83D215 /* Pods */,
				8E6DB2D67E50BF1989C53761 /* Frameworks */,
				B5847D9CA25F2A40C94E1283 /* Bridging-Header.h */,
			);
			sourceTree = "<group>";
		};
		4A1680B21F2A8ECE004E30CC /* Products */ = {
			isa = PBXGroup;
			children = (
				4A1680B11F2A8ECE004E30CC /* MarsImages.app */,
				4A1680C51F2A8ECE004E30CC /* MarsImagesTests.xctest */,
			);
			name = Products;
			sourceTree = "<group>";
		};
		4A1680B31F2A8ECE004E30CC /* MarsImagesIOS */ = {
			isa = PBXGroup;
			children = (
				4A1680B41F2A8ECE004E30CC /* AppDelegate.swift */,
				4AAAB5311F2E4459001D810D /* Models */,
				4AAAB5321F2E4478001D810D /* View Controllers */,
				4AAAB5331F2E4485001D810D /* Views */,
				4A1680B81F2A8ECE004E30CC /* Main.storyboard */,
				4A1680BB1F2A8ECE004E30CC /* Assets.xcassets */,
				4A19B3061F6CA146008BA1E6 /* mosaic.scnassets */,
				4A1680BD1F2A8ECE004E30CC /* LaunchScreen.storyboard */,
				4A1680C01F2A8ECE004E30CC /* Info.plist */,
			);
			path = MarsImagesIOS;
			sourceTree = "<group>";
		};
		4A1680C81F2A8ECE004E30CC /* MarsImagesIOSTests */ = {
			isa = PBXGroup;
			children = (
				4A1680C91F2A8ECE004E30CC /* MarsImagesIOSTests.swift */,
				4A1680CB1F2A8ECE004E30CC /* Info.plist */,
			);
			path = MarsImagesIOSTests;
			sourceTree = "<group>";
		};
		4AAAB5311F2E4459001D810D /* Models */ = {
			isa = PBXGroup;
			children = (
				4AE403691F4A5B5600163394 /* CAHV.swift */,
				4AE4036D1F4A881F00163394 /* CAHVOR.swift */,
				4AE4036F1F4A886F00163394 /* CAHVORE.swift */,
				4AE403651F4A4A5F00163394 /* CameraModel.swift */,
				4AE403671F4A524100163394 /* CameraModelUtils.swift */,
				4AAAB52F1F2E388C001D810D /* Constants.swift */,
				4A9DE9D71F2C15D30059C9C9 /* Curiosity.swift */,
				4A1680E81F2AA559004E30CC /* EvernoteMarsImageCatalog.swift */,
				4AF1E9331FD09262003ABDA0 /* EvernoteObjcWrapper */,
				4ADBC6861F7A6E83004D98D2 /* ImageQuad.swift */,
				4A27873E1F4F22D200CA47C7 /* ImageUtility.swift */,
				4ACBEAA31F34CD4700F03F43 /* InternetReachabilityStatus.swift */,
				4A1680E61F2AA4C1004E30CC /* MarsImageCatalog.swift */,
				4A9DE9CF1F2BDA160059C9C9 /* MarsPhoto.swift */,
				4AE4036B1F4A794200163394 /* Math.swift */,
				4A9DE9D11F2C15B00059C9C9 /* MER.swift */,
				4A1680EA1F2AAFE9004E30CC /* Mission.swift */,
				4A8AE5931F6EF98E00FD729C /* MosaicLoader.swift */,
				4A9DE9D31F2C15C00059C9C9 /* Opportunity.swift */,
				4ADBC6881F7A74A0004D98D2 /* Quaternion.swift */,
				4A9DE9D51F2C15CC0059C9C9 /* Spirit.swift */,
				4AB4012C20AD25EA0073895A /* Log.swift */,
			);
			name = Models;
			sourceTree = "<group>";
		};
		4AAAB5321F2E4478001D810D /* View Controllers */ = {
			isa = PBXGroup;
			children = (
				4A620E371F3BE79C00A82019 /* AboutViewController.swift */,
				4AC87A481FC748FB0024019D /* ImageSelectionMenuViewController.swift */,
				4A8BB2691F2D498900E07B49 /* LeftDrawerViewController.swift */,
				4A1680B61F2A8ECE004E30CC /* MarsImageTableViewController.swift */,
				4A8BB26B1F2D504200E07B49 /* MarsImageViewController.swift */,
				4AA2EFE01F62404B00398E93 /* MosaicViewController.swift */,
				4A28AA6C1F40BF1E006DEA66 /* TimeViewController.swift */,
			);
			name = "View Controllers";
			sourceTree = "<group>";
		};
		4AAAB5331F2E4485001D810D /* Views */ = {
			isa = PBXGroup;
			children = (
				4A8BB2671F2D41FF00E07B49 /* ArrowButton.swift */,
			);
			name = Views;
			sourceTree = "<group>";
		};
		4AF1E9331FD09262003ABDA0 /* EvernoteObjcWrapper */ = {
			isa = PBXGroup;
			children = (
				4A8B727D1FD08D9F007B0971 /* EDAMNoteStoreClient+ExceptionHandler.h */,
				4A8B727E1FD08D9F007B0971 /* EDAMNoteStoreClient+ExceptionHandler.m */,
			);
			name = EvernoteObjcWrapper;
			sourceTree = "<group>";
		};
		8E6DB2D67E50BF1989C53761 /* Frameworks */ = {
			isa = PBXGroup;
			children = (
				3FBE5C98E80D1BBED3D290DF /* Pods_MarsImages.framework */,
				4DBF826EF924C813553C4827 /* Pods_MarsImagesTests.framework */,
				42E3D9EDCB92E1DDA5B2CA33 /* Pods_MarsImagesUITests.framework */,
				CBB0C2263DB5E4B4229F5069 /* BuddyBuildSDK.framework */,
				F689BFCDD74395A5A1C33FC2 /* AssetsLibrary.framework */,
				B66D5C827854168A7B02D4FF /* CoreText.framework */,
				ECCB11CC5E3AA5D41448189E /* CoreTelephony.framework */,
				C21B79A2C2DDC09341648D39 /* SystemConfiguration.framework */,
				9C7B156D5570DF0FD0ACADCE /* QuartzCore.framework */,
				EEECD7C3E6ACE3589C1A4FD6 /* AVFoundation.framework */,
				96A22408CEE08A874793958F /* CoreMedia.framework */,
				C90095D70CF1C0D57DFD86EE /* CoreVideo.framework */,
			);
			name = Frameworks;
			sourceTree = "<group>";
		};
/* End PBXGroup section */

/* Begin PBXNativeTarget section */
		4A1680B01F2A8ECE004E30CC /* MarsImages */ = {
			isa = PBXNativeTarget;
			buildConfigurationList = 4A1680D91F2A8ECE004E30CC /* Build configuration list for PBXNativeTarget "MarsImages" */;
			buildPhases = (
				5CFB091D09384B9C01BFBD0B /* [CP] Check Pods Manifest.lock */,
				4A1680AD1F2A8ECE004E30CC /* Sources */,
				4A1680AE1F2A8ECE004E30CC /* Frameworks */,
				4A1680AF1F2A8ECE004E30CC /* Resources */,
				508F34749F1E035687CAAA25 /* [CP] Embed Pods Frameworks */,
				E8693822EDFE6050C804FCE4 /* [CP] Copy Pods Resources */,
				4AB4012B20AD25AE0073895A /* ShellScript */,
			);
			buildRules = (
			);
			dependencies = (
			);
			name = MarsImages;
			productName = MarsImagesIOS;
			productReference = 4A1680B11F2A8ECE004E30CC /* MarsImages.app */;
			productType = "com.apple.product-type.application";
		};
		4A1680C41F2A8ECE004E30CC /* MarsImagesTests */ = {
			isa = PBXNativeTarget;
			buildConfigurationList = 4A1680DC1F2A8ECE004E30CC /* Build configuration list for PBXNativeTarget "MarsImagesTests" */;
			buildPhases = (
				37FDFABA9827C8AB3B8642E0 /* [CP] Check Pods Manifest.lock */,
				4A1680C11F2A8ECE004E30CC /* Sources */,
				4A1680C21F2A8ECE004E30CC /* Frameworks */,
				4A1680C31F2A8ECE004E30CC /* Resources */,
				CAC638A1E6F9BB9E56B06E7E /* [CP] Embed Pods Frameworks */,
				F4173D72FAA70478AC97BC04 /* [CP] Copy Pods Resources */,
			);
			buildRules = (
			);
			dependencies = (
				4A1680C71F2A8ECE004E30CC /* PBXTargetDependency */,
			);
			name = MarsImagesTests;
			productName = MarsImagesIOSTests;
			productReference = 4A1680C51F2A8ECE004E30CC /* MarsImagesTests.xctest */;
			productType = "com.apple.product-type.bundle.unit-test";
		};
/* End PBXNativeTarget section */

/* Begin PBXProject section */
		4A1680A91F2A8ECE004E30CC /* Project object */ = {
			isa = PBXProject;
			attributes = {
				LastSwiftUpdateCheck = 0830;
				LastUpgradeCheck = 0930;
				ORGANIZATIONNAME = "Mark Powell";
				TargetAttributes = {
					4A1680B01F2A8ECE004E30CC = {
						CreatedOnToolsVersion = 8.3.3;
						DevelopmentTeam = 3SJ2422ERE;
						LastSwiftMigration = 0900;
						ProvisioningStyle = Automatic;
						SystemCapabilities = {
							com.apple.BackgroundModes = {
								enabled = 1;
							};
							com.apple.Push = {
								enabled = 1;
							};
						};
					};
					4A1680C41F2A8ECE004E30CC = {
						CreatedOnToolsVersion = 8.3.3;
						DevelopmentTeam = 3SJ2422ERE;
						LastSwiftMigration = 0900;
						ProvisioningStyle = Automatic;
						TestTargetID = 4A1680B01F2A8ECE004E30CC;
					};
				};
			};
			buildConfigurationList = 4A1680AC1F2A8ECE004E30CC /* Build configuration list for PBXProject "MarsImagesIOS" */;
			compatibilityVersion = "Xcode 3.2";
			developmentRegion = English;
			hasScannedForEncodings = 0;
			knownRegions = (
				en,
				Base,
			);
			mainGroup = 4A1680A81F2A8ECE004E30CC;
			productRefGroup = 4A1680B21F2A8ECE004E30CC /* Products */;
			projectDirPath = "";
			projectRoot = "";
			targets = (
				4A1680B01F2A8ECE004E30CC /* MarsImages */,
				4A1680C41F2A8ECE004E30CC /* MarsImagesTests */,
			);
		};
/* End PBXProject section */

/* Begin PBXResourcesBuildPhase section */
		4A1680AF1F2A8ECE004E30CC /* Resources */ = {
			isa = PBXResourcesBuildPhase;
			buildActionMask = 2147483647;
			files = (
				4ACDF36A2012A47C00775FC0 /* fastlane in Resources */,
				4ACDF36C2012A50600775FC0 /* .gitignore in Resources */,
				4A1680BF1F2A8ECE004E30CC /* LaunchScreen.storyboard in Resources */,
				4A1680BC1F2A8ECE004E30CC /* Assets.xcassets in Resources */,
				4A1680E31F2A8F32004E30CC /* Podfile in Resources */,
				4A1680BA1F2A8ECE004E30CC /* Main.storyboard in Resources */,
				4A19B3071F6CA146008BA1E6 /* mosaic.scnassets in Resources */,
			);
			runOnlyForDeploymentPostprocessing = 0;
		};
		4A1680C31F2A8ECE004E30CC /* Resources */ = {
			isa = PBXResourcesBuildPhase;
			buildActionMask = 2147483647;
			files = (
			);
			runOnlyForDeploymentPostprocessing = 0;
		};
/* End PBXResourcesBuildPhase section */

/* Begin PBXShellScriptBuildPhase section */
		37FDFABA9827C8AB3B8642E0 /* [CP] Check Pods Manifest.lock */ = {
			isa = PBXShellScriptBuildPhase;
			buildActionMask = 2147483647;
			files = (
			);
			inputPaths = (
				"${PODS_PODFILE_DIR_PATH}/Podfile.lock",
				"${PODS_ROOT}/Manifest.lock",
			);
			name = "[CP] Check Pods Manifest.lock";
			outputPaths = (
				"$(DERIVED_FILE_DIR)/Pods-MarsImagesTests-checkManifestLockResult.txt",
			);
			runOnlyForDeploymentPostprocessing = 0;
			shellPath = /bin/sh;
			shellScript = "diff \"${PODS_PODFILE_DIR_PATH}/Podfile.lock\" \"${PODS_ROOT}/Manifest.lock\" > /dev/null\nif [ $? != 0 ] ; then\n    # print error to STDERR\n    echo \"error: The sandbox is not in sync with the Podfile.lock. Run 'pod install' or update your CocoaPods installation.\" >&2\n    exit 1\nfi\n# This output is used by Xcode 'outputs' to avoid re-running this script phase.\necho \"SUCCESS\" > \"${SCRIPT_OUTPUT_FILE_0}\"\n";
			showEnvVarsInLog = 0;
		};
		4AB4012B20AD25AE0073895A /* ShellScript */ = {
			isa = PBXShellScriptBuildPhase;
			buildActionMask = 2147483647;
			files = (
			);
			inputPaths = (
			);
			outputPaths = (
			);
			runOnlyForDeploymentPostprocessing = 0;
			shellPath = /bin/sh;
			shellScript = "\"${PODS_ROOT}/Fabric/run\" 6e9d3ecbb77d91b551f4d0d7f31da08a10a1fc43 606c9ca4a1dbe4c269d0edd64c3fbc97c34f285487e744842a4d6ee9989188ce";
		};
		508F34749F1E035687CAAA25 /* [CP] Embed Pods Frameworks */ = {
			isa = PBXShellScriptBuildPhase;
			buildActionMask = 2147483647;
			files = (
			);
			inputPaths = (
				"${SRCROOT}/Pods/Target Support Files/Pods-MarsImages/Pods-MarsImages-frameworks.sh",
				"${BUILT_PRODUCTS_DIR}/ActionSheetPicker-3.0/ActionSheetPicker_3_0.framework",
				"${BUILT_PRODUCTS_DIR}/Alamofire/Alamofire.framework",
				"${BUILT_PRODUCTS_DIR}/CSV.swift/CSV.framework",
				"${BUILT_PRODUCTS_DIR}/EFInternetIndicator/EFInternetIndicator.framework",
				"${BUILT_PRODUCTS_DIR}/EvernoteSDK/EvernoteSDK.framework",
				"${BUILT_PRODUCTS_DIR}/MBProgressHUD/MBProgressHUD.framework",
				"${BUILT_PRODUCTS_DIR}/MKDropdownMenu/MKDropdownMenu.framework",
				"${BUILT_PRODUCTS_DIR}/MarsTimeConversion/MarsTimeConversion.framework",
				"${BUILT_PRODUCTS_DIR}/POWImageGallery/POWImageGallery.framework",
				"${BUILT_PRODUCTS_DIR}/ReachabilitySwift/ReachabilitySwift.framework",
				"${BUILT_PRODUCTS_DIR}/SDWebImage/SDWebImage.framework",
				"${BUILT_PRODUCTS_DIR}/SwiftMessages/SwiftMessages.framework",
				"${BUILT_PRODUCTS_DIR}/SwiftyJSON/SwiftyJSON.framework",
				"${BUILT_PRODUCTS_DIR}/Swinject/Swinject.framework",
				"${BUILT_PRODUCTS_DIR}/SwinjectStoryboard/SwinjectStoryboard.framework",
			);
			name = "[CP] Embed Pods Frameworks";
			outputPaths = (
				"${TARGET_BUILD_DIR}/${FRAMEWORKS_FOLDER_PATH}/ActionSheetPicker_3_0.framework",
				"${TARGET_BUILD_DIR}/${FRAMEWORKS_FOLDER_PATH}/Alamofire.framework",
				"${TARGET_BUILD_DIR}/${FRAMEWORKS_FOLDER_PATH}/CSV.framework",
				"${TARGET_BUILD_DIR}/${FRAMEWORKS_FOLDER_PATH}/EFInternetIndicator.framework",
				"${TARGET_BUILD_DIR}/${FRAMEWORKS_FOLDER_PATH}/EvernoteSDK.framework",
				"${TARGET_BUILD_DIR}/${FRAMEWORKS_FOLDER_PATH}/MBProgressHUD.framework",
				"${TARGET_BUILD_DIR}/${FRAMEWORKS_FOLDER_PATH}/MKDropdownMenu.framework",
				"${TARGET_BUILD_DIR}/${FRAMEWORKS_FOLDER_PATH}/MarsTimeConversion.framework",
				"${TARGET_BUILD_DIR}/${FRAMEWORKS_FOLDER_PATH}/POWImageGallery.framework",
				"${TARGET_BUILD_DIR}/${FRAMEWORKS_FOLDER_PATH}/ReachabilitySwift.framework",
				"${TARGET_BUILD_DIR}/${FRAMEWORKS_FOLDER_PATH}/SDWebImage.framework",
				"${TARGET_BUILD_DIR}/${FRAMEWORKS_FOLDER_PATH}/SwiftMessages.framework",
				"${TARGET_BUILD_DIR}/${FRAMEWORKS_FOLDER_PATH}/SwiftyJSON.framework",
				"${TARGET_BUILD_DIR}/${FRAMEWORKS_FOLDER_PATH}/Swinject.framework",
				"${TARGET_BUILD_DIR}/${FRAMEWORKS_FOLDER_PATH}/SwinjectStoryboard.framework",
			);
			runOnlyForDeploymentPostprocessing = 0;
			shellPath = /bin/sh;
			shellScript = "\"${SRCROOT}/Pods/Target Support Files/Pods-MarsImages/Pods-MarsImages-frameworks.sh\"\n";
			showEnvVarsInLog = 0;
		};
		5CFB091D09384B9C01BFBD0B /* [CP] Check Pods Manifest.lock */ = {
			isa = PBXShellScriptBuildPhase;
			buildActionMask = 2147483647;
			files = (
			);
			inputPaths = (
				"${PODS_PODFILE_DIR_PATH}/Podfile.lock",
				"${PODS_ROOT}/Manifest.lock",
			);
			name = "[CP] Check Pods Manifest.lock";
			outputPaths = (
				"$(DERIVED_FILE_DIR)/Pods-MarsImages-checkManifestLockResult.txt",
			);
			runOnlyForDeploymentPostprocessing = 0;
			shellPath = /bin/sh;
			shellScript = "diff \"${PODS_PODFILE_DIR_PATH}/Podfile.lock\" \"${PODS_ROOT}/Manifest.lock\" > /dev/null\nif [ $? != 0 ] ; then\n    # print error to STDERR\n    echo \"error: The sandbox is not in sync with the Podfile.lock. Run 'pod install' or update your CocoaPods installation.\" >&2\n    exit 1\nfi\n# This output is used by Xcode 'outputs' to avoid re-running this script phase.\necho \"SUCCESS\" > \"${SCRIPT_OUTPUT_FILE_0}\"\n";
			showEnvVarsInLog = 0;
		};
		CAC638A1E6F9BB9E56B06E7E /* [CP] Embed Pods Frameworks */ = {
			isa = PBXShellScriptBuildPhase;
			buildActionMask = 2147483647;
			files = (
			);
			inputPaths = (
			);
			name = "[CP] Embed Pods Frameworks";
			outputPaths = (
			);
			runOnlyForDeploymentPostprocessing = 0;
			shellPath = /bin/sh;
			shellScript = "\"${SRCROOT}/Pods/Target Support Files/Pods-MarsImagesTests/Pods-MarsImagesTests-frameworks.sh\"\n";
			showEnvVarsInLog = 0;
		};
		E8693822EDFE6050C804FCE4 /* [CP] Copy Pods Resources */ = {
			isa = PBXShellScriptBuildPhase;
			buildActionMask = 2147483647;
			files = (
			);
			inputPaths = (
			);
			name = "[CP] Copy Pods Resources";
			outputPaths = (
			);
			runOnlyForDeploymentPostprocessing = 0;
			shellPath = /bin/sh;
			shellScript = "\"${SRCROOT}/Pods/Target Support Files/Pods-MarsImages/Pods-MarsImages-resources.sh\"\n";
			showEnvVarsInLog = 0;
		};
		F4173D72FAA70478AC97BC04 /* [CP] Copy Pods Resources */ = {
			isa = PBXShellScriptBuildPhase;
			buildActionMask = 2147483647;
			files = (
			);
			inputPaths = (
			);
			name = "[CP] Copy Pods Resources";
			outputPaths = (
			);
			runOnlyForDeploymentPostprocessing = 0;
			shellPath = /bin/sh;
			shellScript = "\"${SRCROOT}/Pods/Target Support Files/Pods-MarsImagesTests/Pods-MarsImagesTests-resources.sh\"\n";
			showEnvVarsInLog = 0;
		};
/* End PBXShellScriptBuildPhase section */

/* Begin PBXSourcesBuildPhase section */
		4A1680AD1F2A8ECE004E30CC /* Sources */ = {
			isa = PBXSourcesBuildPhase;
			buildActionMask = 2147483647;
			files = (
				4A28AA6D1F40BF1E006DEA66 /* TimeViewController.swift in Sources */,
				4A9DE9D21F2C15B00059C9C9 /* MER.swift in Sources */,
				4AE403701F4A886F00163394 /* CAHVORE.swift in Sources */,
				4A8BB26C1F2D504200E07B49 /* MarsImageViewController.swift in Sources */,
				4A1680EB1F2AAFE9004E30CC /* Mission.swift in Sources */,
				4A9DE9D81F2C15D30059C9C9 /* Curiosity.swift in Sources */,
				4AC87A491FC748FB0024019D /* ImageSelectionMenuViewController.swift in Sources */,
				4A1680B71F2A8ECE004E30CC /* MarsImageTableViewController.swift in Sources */,
				4A9DE9D41F2C15C00059C9C9 /* Opportunity.swift in Sources */,
				4AE4036C1F4A794200163394 /* Math.swift in Sources */,
				4ADBC6871F7A6E83004D98D2 /* ImageQuad.swift in Sources */,
				4A8BB26A1F2D498900E07B49 /* LeftDrawerViewController.swift in Sources */,
				4AA2EFE11F62404B00398E93 /* MosaicViewController.swift in Sources */,
				4AAAB5301F2E388C001D810D /* Constants.swift in Sources */,
				4AE4036E1F4A881F00163394 /* CAHVOR.swift in Sources */,
				4A9DE9D61F2C15CC0059C9C9 /* Spirit.swift in Sources */,
				4ADBC6891F7A74A0004D98D2 /* Quaternion.swift in Sources */,
				4A9DE9D01F2BDA160059C9C9 /* MarsPhoto.swift in Sources */,
				4A8B727F1FD08D9F007B0971 /* EDAMNoteStoreClient+ExceptionHandler.m in Sources */,
				4ACBEAA41F34CD4700F03F43 /* InternetReachabilityStatus.swift in Sources */,
				4A8BB2681F2D41FF00E07B49 /* ArrowButton.swift in Sources */,
				4A620E381F3BE79C00A82019 /* AboutViewController.swift in Sources */,
				4AE403661F4A4A5F00163394 /* CameraModel.swift in Sources */,
				4A8AE5941F6EF98E00FD729C /* MosaicLoader.swift in Sources */,
				4A1680E91F2AA559004E30CC /* EvernoteMarsImageCatalog.swift in Sources */,
				4A1680B51F2A8ECE004E30CC /* AppDelegate.swift in Sources */,
				4A1680E71F2AA4C1004E30CC /* MarsImageCatalog.swift in Sources */,
				4AB4012D20AD25EA0073895A /* Log.swift in Sources */,
				4A27873F1F4F22D200CA47C7 /* ImageUtility.swift in Sources */,
				4AE403681F4A524100163394 /* CameraModelUtils.swift in Sources */,
				4AE4036A1F4A5B5600163394 /* CAHV.swift in Sources */,
			);
			runOnlyForDeploymentPostprocessing = 0;
		};
		4A1680C11F2A8ECE004E30CC /* Sources */ = {
			isa = PBXSourcesBuildPhase;
			buildActionMask = 2147483647;
			files = (
				4A1680CA1F2A8ECE004E30CC /* MarsImagesIOSTests.swift in Sources */,
			);
			runOnlyForDeploymentPostprocessing = 0;
		};
/* End PBXSourcesBuildPhase section */

/* Begin PBXTargetDependency section */
		4A1680C71F2A8ECE004E30CC /* PBXTargetDependency */ = {
			isa = PBXTargetDependency;
			target = 4A1680B01F2A8ECE004E30CC /* MarsImages */;
			targetProxy = 4A1680C61F2A8ECE004E30CC /* PBXContainerItemProxy */;
		};
/* End PBXTargetDependency section */

/* Begin PBXVariantGroup section */
		4A1680B81F2A8ECE004E30CC /* Main.storyboard */ = {
			isa = PBXVariantGroup;
			children = (
				4A1680B91F2A8ECE004E30CC /* Base */,
			);
			name = Main.storyboard;
			sourceTree = "<group>";
		};
		4A1680BD1F2A8ECE004E30CC /* LaunchScreen.storyboard */ = {
			isa = PBXVariantGroup;
			children = (
				4A1680BE1F2A8ECE004E30CC /* Base */,
			);
			name = LaunchScreen.storyboard;
			sourceTree = "<group>";
		};
/* End PBXVariantGroup section */

/* Begin XCBuildConfiguration section */
		4A1680D71F2A8ECE004E30CC /* Debug */ = {
			isa = XCBuildConfiguration;
			buildSettings = {
				ALWAYS_SEARCH_USER_PATHS = NO;
				CLANG_ANALYZER_NONNULL = YES;
				CLANG_ANALYZER_NUMBER_OBJECT_CONVERSION = YES_AGGRESSIVE;
				CLANG_CXX_LANGUAGE_STANDARD = "gnu++0x";
				CLANG_CXX_LIBRARY = "libc++";
				CLANG_ENABLE_MODULES = YES;
				CLANG_ENABLE_OBJC_ARC = YES;
				CLANG_WARN_BLOCK_CAPTURE_AUTORELEASING = YES;
				CLANG_WARN_BOOL_CONVERSION = YES;
				CLANG_WARN_COMMA = YES;
				CLANG_WARN_CONSTANT_CONVERSION = YES;
				CLANG_WARN_DEPRECATED_OBJC_IMPLEMENTATIONS = YES;
				CLANG_WARN_DIRECT_OBJC_ISA_USAGE = YES_ERROR;
				CLANG_WARN_DOCUMENTATION_COMMENTS = YES;
				CLANG_WARN_EMPTY_BODY = YES;
				CLANG_WARN_ENUM_CONVERSION = YES;
				CLANG_WARN_INFINITE_RECURSION = YES;
				CLANG_WARN_INT_CONVERSION = YES;
				CLANG_WARN_NON_LITERAL_NULL_CONVERSION = YES;
				CLANG_WARN_OBJC_IMPLICIT_RETAIN_SELF = YES;
				CLANG_WARN_OBJC_LITERAL_CONVERSION = YES;
				CLANG_WARN_OBJC_ROOT_CLASS = YES_ERROR;
				CLANG_WARN_RANGE_LOOP_ANALYSIS = YES;
				CLANG_WARN_STRICT_PROTOTYPES = YES;
				CLANG_WARN_SUSPICIOUS_MOVE = YES;
				CLANG_WARN_UNREACHABLE_CODE = YES;
				CLANG_WARN__DUPLICATE_METHOD_MATCH = YES;
				"CODE_SIGN_IDENTITY[sdk=iphoneos*]" = "iPhone Developer";
				COPY_PHASE_STRIP = NO;
				DEBUG_INFORMATION_FORMAT = dwarf;
				ENABLE_STRICT_OBJC_MSGSEND = YES;
				ENABLE_TESTABILITY = YES;
				GCC_C_LANGUAGE_STANDARD = gnu99;
				GCC_DYNAMIC_NO_PIC = NO;
				GCC_NO_COMMON_BLOCKS = YES;
				GCC_OPTIMIZATION_LEVEL = 0;
				GCC_PREPROCESSOR_DEFINITIONS = (
					"DEBUG=1",
					"$(inherited)",
				);
				GCC_WARN_64_TO_32_BIT_CONVERSION = YES;
				GCC_WARN_ABOUT_RETURN_TYPE = YES_ERROR;
				GCC_WARN_UNDECLARED_SELECTOR = YES;
				GCC_WARN_UNINITIALIZED_AUTOS = YES_AGGRESSIVE;
				GCC_WARN_UNUSED_FUNCTION = YES;
				GCC_WARN_UNUSED_VARIABLE = YES;
				IPHONEOS_DEPLOYMENT_TARGET = 9.0;
				MTL_ENABLE_DEBUG_INFO = YES;
				ONLY_ACTIVE_ARCH = YES;
				SDKROOT = iphoneos;
				SWIFT_ACTIVE_COMPILATION_CONDITIONS = DEBUG;
				SWIFT_OPTIMIZATION_LEVEL = "-Onone";
				TARGETED_DEVICE_FAMILY = "1,2";
			};
			name = Debug;
		};
		4A1680D81F2A8ECE004E30CC /* Release */ = {
			isa = XCBuildConfiguration;
			buildSettings = {
				ALWAYS_SEARCH_USER_PATHS = NO;
				CLANG_ANALYZER_NONNULL = YES;
				CLANG_ANALYZER_NUMBER_OBJECT_CONVERSION = YES_AGGRESSIVE;
				CLANG_CXX_LANGUAGE_STANDARD = "gnu++0x";
				CLANG_CXX_LIBRARY = "libc++";
				CLANG_ENABLE_MODULES = YES;
				CLANG_ENABLE_OBJC_ARC = YES;
				CLANG_WARN_BLOCK_CAPTURE_AUTORELEASING = YES;
				CLANG_WARN_BOOL_CONVERSION = YES;
				CLANG_WARN_COMMA = YES;
				CLANG_WARN_CONSTANT_CONVERSION = YES;
				CLANG_WARN_DEPRECATED_OBJC_IMPLEMENTATIONS = YES;
				CLANG_WARN_DIRECT_OBJC_ISA_USAGE = YES_ERROR;
				CLANG_WARN_DOCUMENTATION_COMMENTS = YES;
				CLANG_WARN_EMPTY_BODY = YES;
				CLANG_WARN_ENUM_CONVERSION = YES;
				CLANG_WARN_INFINITE_RECURSION = YES;
				CLANG_WARN_INT_CONVERSION = YES;
				CLANG_WARN_NON_LITERAL_NULL_CONVERSION = YES;
				CLANG_WARN_OBJC_IMPLICIT_RETAIN_SELF = YES;
				CLANG_WARN_OBJC_LITERAL_CONVERSION = YES;
				CLANG_WARN_OBJC_ROOT_CLASS = YES_ERROR;
				CLANG_WARN_RANGE_LOOP_ANALYSIS = YES;
				CLANG_WARN_STRICT_PROTOTYPES = YES;
				CLANG_WARN_SUSPICIOUS_MOVE = YES;
				CLANG_WARN_UNREACHABLE_CODE = YES;
				CLANG_WARN__DUPLICATE_METHOD_MATCH = YES;
				"CODE_SIGN_IDENTITY[sdk=iphoneos*]" = "iPhone Developer";
				COPY_PHASE_STRIP = NO;
				DEBUG_INFORMATION_FORMAT = "dwarf-with-dsym";
				ENABLE_NS_ASSERTIONS = NO;
				ENABLE_STRICT_OBJC_MSGSEND = YES;
				GCC_C_LANGUAGE_STANDARD = gnu99;
				GCC_NO_COMMON_BLOCKS = YES;
				GCC_WARN_64_TO_32_BIT_CONVERSION = YES;
				GCC_WARN_ABOUT_RETURN_TYPE = YES_ERROR;
				GCC_WARN_UNDECLARED_SELECTOR = YES;
				GCC_WARN_UNINITIALIZED_AUTOS = YES_AGGRESSIVE;
				GCC_WARN_UNUSED_FUNCTION = YES;
				GCC_WARN_UNUSED_VARIABLE = YES;
				IPHONEOS_DEPLOYMENT_TARGET = 9.0;
				MTL_ENABLE_DEBUG_INFO = NO;
				SDKROOT = iphoneos;
				SWIFT_OPTIMIZATION_LEVEL = "-Owholemodule";
				TARGETED_DEVICE_FAMILY = "1,2";
				VALIDATE_PRODUCT = YES;
			};
			name = Release;
		};
		4A1680DA1F2A8ECE004E30CC /* Debug */ = {
			isa = XCBuildConfiguration;
			baseConfigurationReference = 16D004CB83B15B2D0BD97730 /* Pods-MarsImages.debug.xcconfig */;
			buildSettings = {
				ASSETCATALOG_COMPILER_APPICON_NAME = AppIcon;
				CODE_SIGN_ENTITLEMENTS = MarsImages.entitlements;
				CURRENT_PROJECT_VERSION = 3.0;
				DEVELOPMENT_TEAM = 3SJ2422ERE;
				FRAMEWORK_SEARCH_PATHS = (
					"$(inherited)",
					"$(PROJECT_DIR)",
				);
				INFOPLIST_FILE = MarsImagesIOS/Info.plist;
				IPHONEOS_DEPLOYMENT_TARGET = 9.0;
				LD_RUNPATH_SEARCH_PATHS = "$(inherited) @executable_path/Frameworks";
				PRODUCT_BUNDLE_IDENTIFIER = "com.powellware.Mars-Images";
				PRODUCT_NAME = "$(TARGET_NAME)";
				SWIFT_OBJC_BRIDGING_HEADER = "Bridging-Header.h";
				SWIFT_SWIFT3_OBJC_INFERENCE = Default;
				SWIFT_VERSION = 4.0;
				VERSIONING_SYSTEM = "apple-generic";
			};
			name = Debug;
		};
		4A1680DB1F2A8ECE004E30CC /* Release */ = {
			isa = XCBuildConfiguration;
			baseConfigurationReference = 9D4F917DACE5CEDC37C16609 /* Pods-MarsImages.release.xcconfig */;
			buildSettings = {
				ASSETCATALOG_COMPILER_APPICON_NAME = AppIcon;
				CODE_SIGN_ENTITLEMENTS = MarsImages.entitlements;
				CURRENT_PROJECT_VERSION = 3.0;
				DEVELOPMENT_TEAM = 3SJ2422ERE;
				FRAMEWORK_SEARCH_PATHS = (
					"$(inherited)",
					"$(PROJECT_DIR)",
				);
				INFOPLIST_FILE = MarsImagesIOS/Info.plist;
				IPHONEOS_DEPLOYMENT_TARGET = 9.0;
				LD_RUNPATH_SEARCH_PATHS = "$(inherited) @executable_path/Frameworks";
				PRODUCT_BUNDLE_IDENTIFIER = "com.powellware.Mars-Images";
				PRODUCT_NAME = "$(TARGET_NAME)";
				SWIFT_OBJC_BRIDGING_HEADER = "Bridging-Header.h";
				SWIFT_SWIFT3_OBJC_INFERENCE = Default;
				SWIFT_VERSION = 4.0;
				VERSIONING_SYSTEM = "apple-generic";
			};
			name = Release;
		};
		4A1680DD1F2A8ECE004E30CC /* Debug */ = {
			isa = XCBuildConfiguration;
			baseConfigurationReference = 4EE74FDCD2F101C54D3C90AB /* Pods-MarsImagesTests.debug.xcconfig */;
			buildSettings = {
				ALWAYS_EMBED_SWIFT_STANDARD_LIBRARIES = YES;
				DEVELOPMENT_TEAM = 3SJ2422ERE;
				INFOPLIST_FILE = MarsImagesIOSTests/Info.plist;
				LD_RUNPATH_SEARCH_PATHS = "$(inherited) @executable_path/Frameworks @loader_path/Frameworks";
				PRODUCT_BUNDLE_IDENTIFIER = com.powellware.MarsImagesIOSTests;
				PRODUCT_NAME = "$(TARGET_NAME)";
				SWIFT_SWIFT3_OBJC_INFERENCE = Default;
				SWIFT_VERSION = 4.0;
				TEST_HOST = "$(BUILT_PRODUCTS_DIR)/MarsImages.app/MarsImages";
			};
			name = Debug;
		};
		4A1680DE1F2A8ECE004E30CC /* Release */ = {
			isa = XCBuildConfiguration;
			baseConfigurationReference = 80EDBB854FD066C0FD11671B /* Pods-MarsImagesTests.release.xcconfig */;
			buildSettings = {
				ALWAYS_EMBED_SWIFT_STANDARD_LIBRARIES = YES;
				DEVELOPMENT_TEAM = 3SJ2422ERE;
				INFOPLIST_FILE = MarsImagesIOSTests/Info.plist;
				LD_RUNPATH_SEARCH_PATHS = "$(inherited) @executable_path/Frameworks @loader_path/Frameworks";
				PRODUCT_BUNDLE_IDENTIFIER = com.powellware.MarsImagesIOSTests;
				PRODUCT_NAME = "$(TARGET_NAME)";
				SWIFT_SWIFT3_OBJC_INFERENCE = Default;
				SWIFT_VERSION = 4.0;
				TEST_HOST = "$(BUILT_PRODUCTS_DIR)/MarsImages.app/MarsImages";
			};
			name = Release;
		};
/* End XCBuildConfiguration section */

/* Begin XCConfigurationList section */
		4A1680AC1F2A8ECE004E30CC /* Build configuration list for PBXProject "MarsImagesIOS" */ = {
			isa = XCConfigurationList;
			buildConfigurations = (
				4A1680D71F2A8ECE004E30CC /* Debug */,
				4A1680D81F2A8ECE004E30CC /* Release */,
			);
			defaultConfigurationIsVisible = 0;
			defaultConfigurationName = Release;
		};
		4A1680D91F2A8ECE004E30CC /* Build configuration list for PBXNativeTarget "MarsImages" */ = {
			isa = XCConfigurationList;
			buildConfigurations = (
				4A1680DA1F2A8ECE004E30CC /* Debug */,
				4A1680DB1F2A8ECE004E30CC /* Release */,
			);
			defaultConfigurationIsVisible = 0;
			defaultConfigurationName = Release;
		};
		4A1680DC1F2A8ECE004E30CC /* Build configuration list for PBXNativeTarget "MarsImagesTests" */ = {
			isa = XCConfigurationList;
			buildConfigurations = (
				4A1680DD1F2A8ECE004E30CC /* Debug */,
				4A1680DE1F2A8ECE004E30CC /* Release */,
			);
			defaultConfigurationIsVisible = 0;
			defaultConfigurationName = Release;
		};
/* End XCConfigurationList section */
	};
	rootObject = 4A1680A91F2A8ECE004E30CC /* Project object */;
}
