PODS:
  - ActionSheetPicker-3.0 (2.4.1)
  - Alamofire (4.9.1)
  - CSV.swift (2.4.2)
  - EFInternetIndicator (0.4.0):
    - EFInternetIndicator/Interface (= 0.4.0)
  - EFInternetIndicator/Interface (0.4.0):
    - SwiftMessages
  - EvernoteSDK (3.0.0)
  - MarsTimeConversion (1.0)
  - MBProgressHUD (1.2.0)
  - MKDropdownMenu (1.4)
  - POWImageGallery (0.1.6):
    - MBProgressHUD (~> 1.1)
    - SDWebImage (~> 4.2)
  - ReachabilitySwift (5.0.0)
  - SDWebImage (4.4.8):
    - SDWebImage/Core (= 4.4.8)
  - SDWebImage/Core (4.4.8)
  - SwiftMessages (4.1.4):
    - SwiftMessages/App (= 4.1.4)
  - SwiftMessages/App (4.1.4)
  - SwiftyJSON (5.0.0)
  - Swinject (2.7.1)
  - SwinjectStoryboard (2.2.0):
    - Swinject (~> 2.6)

DEPENDENCIES:
  - ActionSheetPicker-3.0 (~> 2.3)
  - Alamofire (~> 4)
  - CSV.swift (~> 2)
  - EFInternetIndicator (~> 0.4)
  - EvernoteSDK (~> 3)
  - MarsTimeConversion (from `https://github.com/OpsLabJPL/MarsTimeConversion.git`)
  - MKDropdownMenu (~> 1)
  - POWImageGallery (from `https://github.com/OpsLabJPL/POWImageGallery.git`)
  - ReachabilitySwift (~> 5)
  - SwiftMessages (~> 4)
  - SwiftyJSON (~> 5)
  - Swinject (~> 2)
  - SwinjectStoryboard (~> 2)

SPEC REPOS:
  trunk:
    - ActionSheetPicker-3.0
    - Alamofire
    - CSV.swift
    - EFInternetIndicator
    - EvernoteSDK
    - MBProgressHUD
    - MKDropdownMenu
    - ReachabilitySwift
    - SDWebImage
    - SwiftMessages
    - SwiftyJSON
    - Swinject
    - SwinjectStoryboard

EXTERNAL SOURCES:
  MarsTimeConversion:
    :git: https://github.com/OpsLabJPL/MarsTimeConversion.git
  POWImageGallery:
    :git: https://github.com/OpsLabJPL/POWImageGallery.git

CHECKOUT OPTIONS:
  MarsTimeConversion:
    :commit: 6e540c2ced6b67078f681fb633a35afd83098eb8
    :git: https://github.com/OpsLabJPL/MarsTimeConversion.git
  POWImageGallery:
    :commit: cea406c43ee9cfc957402fff33cd4c22545c2f47
    :git: https://github.com/OpsLabJPL/POWImageGallery.git

SPEC CHECKSUMS:
  ActionSheetPicker-3.0: d236f0b663123e4b404a3bc04b338c1e805ac910
  Alamofire: 85e8a02c69d6020a0d734f6054870d7ecb75cf18
  CSV.swift: 9670cc1b3e3f01e9eebb1aeb603b17b4459e7493
  EFInternetIndicator: a6077679e15191889a783a06624390b73e8109dc
  EvernoteSDK: 7e9de762a9c281e714f3e6d0ae10657db3046792
  MarsTimeConversion: 2f571fd700c8469a8510e51a561a7f88cf5858d3
  MBProgressHUD: 3ee5efcc380f6a79a7cc9b363dd669c5e1ae7406
  MKDropdownMenu: 269df4a41d21a1db684ce8bc709befe419fc5bae
  POWImageGallery: 24d68e57dbef3e9ca878259b72f188dfd4752d5d
  ReachabilitySwift: 985039c6f7b23a1da463388634119492ff86c825
  SDWebImage: 783af2c3fa36291a250030c4752ee370a9a51d13
  SwiftMessages: 2c33fdee8b8f38dfc7e1036684456b505891da8c
  SwiftyJSON: 36413e04c44ee145039d332b4f4e2d3e8d6c4db7
  Swinject: ddf78b8486dd9b71a667b852cad919ab4484478e
  SwinjectStoryboard: 32512ef16c2b0ff5b8f823b23539c4a50f6d3383

PODFILE CHECKSUM: bfeb3679272f73382b49650ca5d2bce4b1ceef46

COCOAPODS: 1.8.4
