// !$*UTF8*$!
{
	archiveVersion = 1;
	classes = {
	};
	objectVersion = 46;
	objects = {

/* Begin PBXBuildFile section */
		4A18FC3E1F2A84DA008262C3 /* AppDelegate.swift in Sources */ = {isa = PBXBuildFile; fileRef = 4A18FC3D1F2A84DA008262C3 /* AppDelegate.swift */; };
		4A18FC401F2A84DA008262C3 /* ViewController.swift in Sources */ = {isa = PBXBuildFile; fileRef = 4A18FC3F1F2A84DA008262C3 /* ViewController.swift */; };
		4A18FC431F2A84DA008262C3 /* Main.storyboard in Resources */ = {isa = PBXBuildFile; fileRef = 4A18FC411F2A84DA008262C3 /* Main.storyboard */; };
		4A18FC451F2A84DA008262C3 /* Assets.xcassets in Resources */ = {isa = PBXBuildFile; fileRef = 4A18FC441F2A84DA008262C3 /* Assets.xcassets */; };
		4A18FC481F2A84DA008262C3 /* LaunchScreen.storyboard in Resources */ = {isa = PBXBuildFile; fileRef = 4A18FC461F2A84DA008262C3 /* LaunchScreen.storyboard */; };
		4A18FC531F2A84DA008262C3 /* Mars_ImagesTests.swift in Sources */ = {isa = PBXBuildFile; fileRef = 4A18FC521F2A84DA008262C3 /* Mars_ImagesTests.swift */; };
		4A18FC5E1F2A84DA008262C3 /* Mars_ImagesUITests.swift in Sources */ = {isa = PBXBuildFile; fileRef = 4A18FC5D1F2A84DA008262C3 /* Mars_ImagesUITests.swift */; };
/* End PBXBuildFile section */

/* Begin PBXContainerItemProxy section */
		4A18FC4F1F2A84DA008262C3 /* PBXContainerItemProxy */ = {
			isa = PBXContainerItemProxy;
			containerPortal = 4A18FC321F2A84DA008262C3 /* Project object */;
			proxyType = 1;
			remoteGlobalIDString = 4A18FC391F2A84DA008262C3;
			remoteInfo = "Mars-Images";
		};
		4A18FC5A1F2A84DA008262C3 /* PBXContainerItemProxy */ = {
			isa = PBXContainerItemProxy;
			containerPortal = 4A18FC321F2A84DA008262C3 /* Project object */;
			proxyType = 1;
			remoteGlobalIDString = 4A18FC391F2A84DA008262C3;
			remoteInfo = "Mars-Images";
		};
/* End PBXContainerItemProxy section */

/* Begin PBXFileReference section */
		4A18FC3A1F2A84DA008262C3 /* Mars-Images.app */ = {isa = PBXFileReference; explicitFileType = wrapper.application; includeInIndex = 0; path = "Mars-Images.app"; sourceTree = BUILT_PRODUCTS_DIR; };
		4A18FC3D1F2A84DA008262C3 /* AppDelegate.swift */ = {isa = PBXFileReference; lastKnownFileType = sourcecode.swift; path = AppDelegate.swift; sourceTree = "<group>"; };
		4A18FC3F1F2A84DA008262C3 /* ViewController.swift */ = {isa = PBXFileReference; lastKnownFileType = sourcecode.swift; path = ViewController.swift; sourceTree = "<group>"; };
		4A18FC421F2A84DA008262C3 /* Base */ = {isa = PBXFileReference; lastKnownFileType = file.storyboard; name = Base; path = Base.lproj/Main.storyboard; sourceTree = "<group>"; };
		4A18FC441F2A84DA008262C3 /* Assets.xcassets */ = {isa = PBXFileReference; lastKnownFileType = folder.assetcatalog; path = Assets.xcassets; sourceTree = "<group>"; };
		4A18FC471F2A84DA008262C3 /* Base */ = {isa = PBXFileReference; lastKnownFileType = file.storyboard; name = Base; path = Base.lproj/LaunchScreen.storyboard; sourceTree = "<group>"; };
		4A18FC491F2A84DA008262C3 /* Info.plist */ = {isa = PBXFileReference; lastKnownFileType = text.plist.xml; path = Info.plist; sourceTree = "<group>"; };
		4A18FC4E1F2A84DA008262C3 /* Mars-ImagesTests.xctest */ = {isa = PBXFileReference; explicitFileType = wrapper.cfbundle; includeInIndex = 0; path = "Mars-ImagesTests.xctest"; sourceTree = BUILT_PRODUCTS_DIR; };
		4A18FC521F2A84DA008262C3 /* Mars_ImagesTests.swift */ = {isa = PBXFileReference; lastKnownFileType = sourcecode.swift; path = Mars_ImagesTests.swift; sourceTree = "<group>"; };
		4A18FC541F2A84DA008262C3 /* Info.plist */ = {isa = PBXFileReference; lastKnownFileType = text.plist.xml; path = Info.plist; sourceTree = "<group>"; };
		4A18FC591F2A84DA008262C3 /* Mars-ImagesUITests.xctest */ = {isa = PBXFileReference; explicitFileType = wrapper.cfbundle; includeInIndex = 0; path = "Mars-ImagesUITests.xctest"; sourceTree = BUILT_PRODUCTS_DIR; };
		4A18FC5D1F2A84DA008262C3 /* Mars_ImagesUITests.swift */ = {isa = PBXFileReference; lastKnownFileType = sourcecode.swift; path = Mars_ImagesUITests.swift; sourceTree = "<group>"; };
		4A18FC5F1F2A84DA008262C3 /* Info.plist */ = {isa = PBXFileReference; lastKnownFileType = text.plist.xml; path = Info.plist; sourceTree = "<group>"; };
/* End PBXFileReference section */

/* Begin PBXFrameworksBuildPhase section */
		4A18FC371F2A84DA008262C3 /* Frameworks */ = {
			isa = PBXFrameworksBuildPhase;
			buildActionMask = 2147483647;
			files = (
			);
			runOnlyForDeploymentPostprocessing = 0;
		};
		4A18FC4B1F2A84DA008262C3 /* Frameworks */ = {
			isa = PBXFrameworksBuildPhase;
			buildActionMask = 2147483647;
			files = (
			);
			runOnlyForDeploymentPostprocessing = 0;
		};
		4A18FC561F2A84DA008262C3 /* Frameworks */ = {
			isa = PBXFrameworksBuildPhase;
			buildActionMask = 2147483647;
			files = (
			);
			runOnlyForDeploymentPostprocessing = 0;
		};
/* End PBXFrameworksBuildPhase section */

/* Begin PBXGroup section */
		4A18FC311F2A84DA008262C3 = {
			isa = PBXGroup;
			children = (
				4A18FC3C1F2A84DA008262C3 /* Mars-Images */,
				4A18FC511F2A84DA008262C3 /* Mars-ImagesTests */,
				4A18FC5C1F2A84DA008262C3 /* Mars-ImagesUITests */,
				4A18FC3B1F2A84DA008262C3 /* Products */,
			);
			sourceTree = "<group>";
		};
		4A18FC3B1F2A84DA008262C3 /* Products */ = {
			isa = PBXGroup;
			children = (
				4A18FC3A1F2A84DA008262C3 /* Mars-Images.app */,
				4A18FC4E1F2A84DA008262C3 /* Mars-ImagesTests.xctest */,
				4A18FC591F2A84DA008262C3 /* Mars-ImagesUITests.xctest */,
			);
			name = Products;
			sourceTree = "<group>";
		};
		4A18FC3C1F2A84DA008262C3 /* Mars-Images */ = {
			isa = PBXGroup;
			children = (
				4A18FC3D1F2A84DA008262C3 /* AppDelegate.swift */,
				4A18FC3F1F2A84DA008262C3 /* ViewController.swift */,
				4A18FC411F2A84DA008262C3 /* Main.storyboard */,
				4A18FC441F2A84DA008262C3 /* Assets.xcassets */,
				4A18FC461F2A84DA008262C3 /* LaunchScreen.storyboard */,
				4A18FC491F2A84DA008262C3 /* Info.plist */,
			);
			path = "Mars-Images";
			sourceTree = "<group>";
		};
		4A18FC511F2A84DA008262C3 /* Mars-ImagesTests */ = {
			isa = PBXGroup;
			children = (
				4A18FC521F2A84DA008262C3 /* Mars_ImagesTests.swift */,
				4A18FC541F2A84DA008262C3 /* Info.plist */,
			);
			path = "Mars-ImagesTests";
			sourceTree = "<group>";
		};
		4A18FC5C1F2A84DA008262C3 /* Mars-ImagesUITests */ = {
			isa = PBXGroup;
			children = (
				4A18FC5D1F2A84DA008262C3 /* Mars_ImagesUITests.swift */,
				4A18FC5F1F2A84DA008262C3 /* Info.plist */,
			);
			path = "Mars-ImagesUITests";
			sourceTree = "<group>";
		};
/* End PBXGroup section */

/* Begin PBXNativeTarget section */
		4A18FC391F2A84DA008262C3 /* Mars-Images */ = {
			isa = PBXNativeTarget;
			buildConfigurationList = 4A18FC621F2A84DA008262C3 /* Build configuration list for PBXNativeTarget "Mars-Images" */;
			buildPhases = (
				4A18FC361F2A84DA008262C3 /* Sources */,
				4A18FC371F2A84DA008262C3 /* Frameworks */,
				4A18FC381F2A84DA008262C3 /* Resources */,
			);
			buildRules = (
			);
			dependencies = (
			);
			name = "Mars-Images";
			productName = "Mars-Images";
			productReference = 4A18FC3A1F2A84DA008262C3 /* Mars-Images.app */;
			productType = "com.apple.product-type.application";
		};
		4A18FC4D1F2A84DA008262C3 /* Mars-ImagesTests */ = {
			isa = PBXNativeTarget;
			buildConfigurationList = 4A18FC651F2A84DA008262C3 /* Build configuration list for PBXNativeTarget "Mars-ImagesTests" */;
			buildPhases = (
				4A18FC4A1F2A84DA008262C3 /* Sources */,
				4A18FC4B1F2A84DA008262C3 /* Frameworks */,
				4A18FC4C1F2A84DA008262C3 /* Resources */,
			);
			buildRules = (
			);
			dependencies = (
				4A18FC501F2A84DA008262C3 /* PBXTargetDependency */,
			);
			name = "Mars-ImagesTests";
			productName = "Mars-ImagesTests";
			productReference = 4A18FC4E1F2A84DA008262C3 /* Mars-ImagesTests.xctest */;
			productType = "com.apple.product-type.bundle.unit-test";
		};
		4A18FC581F2A84DA008262C3 /* Mars-ImagesUITests */ = {
			isa = PBXNativeTarget;
			buildConfigurationList = 4A18FC681F2A84DA008262C3 /* Build configuration list for PBXNativeTarget "Mars-ImagesUITests" */;
			buildPhases = (
				4A18FC551F2A84DA008262C3 /* Sources */,
				4A18FC561F2A84DA008262C3 /* Frameworks */,
				4A18FC571F2A84DA008262C3 /* Resources */,
			);
			buildRules = (
			);
			dependencies = (
				4A18FC5B1F2A84DA008262C3 /* PBXTargetDependency */,
			);
			name = "Mars-ImagesUITests";
			productName = "Mars-ImagesUITests";
			productReference = 4A18FC591F2A84DA008262C3 /* Mars-ImagesUITests.xctest */;
			productType = "com.apple.product-type.bundle.ui-testing";
		};
/* End PBXNativeTarget section */

/* Begin PBXProject section */
		4A18FC321F2A84DA008262C3 /* Project object */ = {
			isa = PBXProject;
			attributes = {
				LastSwiftUpdateCheck = 0830;
				LastUpgradeCheck = 0830;
				ORGANIZATIONNAME = "Mark Powell";
				TargetAttributes = {
					4A18FC391F2A84DA008262C3 = {
						CreatedOnToolsVersion = 8.3.3;
						DevelopmentTeam = 3SJ2422ERE;
						ProvisioningStyle = Automatic;
					};
					4A18FC4D1F2A84DA008262C3 = {
						CreatedOnToolsVersion = 8.3.3;
						DevelopmentTeam = 3SJ2422ERE;
						ProvisioningStyle = Automatic;
						TestTargetID = 4A18FC391F2A84DA008262C3;
					};
					4A18FC581F2A84DA008262C3 = {
						CreatedOnToolsVersion = 8.3.3;
						DevelopmentTeam = 3SJ2422ERE;
						ProvisioningStyle = Automatic;
						TestTargetID = 4A18FC391F2A84DA008262C3;
					};
				};
			};
			buildConfigurationList = 4A18FC351F2A84DA008262C3 /* Build configuration list for PBXProject "Mars-Images" */;
			compatibilityVersion = "Xcode 3.2";
			developmentRegion = English;
			hasScannedForEncodings = 0;
			knownRegions = (
				en,
				Base,
			);
			mainGroup = 4A18FC311F2A84DA008262C3;
			productRefGroup = 4A18FC3B1F2A84DA008262C3 /* Products */;
			projectDirPath = "";
			projectRoot = "";
			targets = (
				4A18FC391F2A84DA008262C3 /* Mars-Images */,
				4A18FC4D1F2A84DA008262C3 /* Mars-ImagesTests */,
				4A18FC581F2A84DA008262C3 /* Mars-ImagesUITests */,
			);
		};
/* End PBXProject section */

/* Begin PBXResourcesBuildPhase section */
		4A18FC381F2A84DA008262C3 /* Resources */ = {
			isa = PBXResourcesBuildPhase;
			buildActionMask = 2147483647;
			files = (
				4A18FC481F2A84DA008262C3 /* LaunchScreen.storyboard in Resources */,
				4A18FC451F2A84DA008262C3 /* Assets.xcassets in Resources */,
				4A18FC431F2A84DA008262C3 /* Main.storyboard in Resources */,
			);
			runOnlyForDeploymentPostprocessing = 0;
		};
		4A18FC4C1F2A84DA008262C3 /* Resources */ = {
			isa = PBXResourcesBuildPhase;
			buildActionMask = 2147483647;
			files = (
			);
			runOnlyForDeploymentPostprocessing = 0;
		};
		4A18FC571F2A84DA008262C3 /* Resources */ = {
			isa = PBXResourcesBuildPhase;
			buildActionMask = 2147483647;
			files = (
			);
			runOnlyForDeploymentPostprocessing = 0;
		};
/* End PBXResourcesBuildPhase section */

/* Begin PBXSourcesBuildPhase section */
		4A18FC361F2A84DA008262C3 /* Sources */ = {
			isa = PBXSourcesBuildPhase;
			buildActionMask = 2147483647;
			files = (
				4A18FC401F2A84DA008262C3 /* ViewController.swift in Sources */,
				4A18FC3E1F2A84DA008262C3 /* AppDelegate.swift in Sources */,
			);
			runOnlyForDeploymentPostprocessing = 0;
		};
		4A18FC4A1F2A84DA008262C3 /* Sources */ = {
			isa = PBXSourcesBuildPhase;
			buildActionMask = 2147483647;
			files = (
				4A18FC531F2A84DA008262C3 /* Mars_ImagesTests.swift in Sources */,
			);
			runOnlyForDeploymentPostprocessing = 0;
		};
		4A18FC551F2A84DA008262C3 /* Sources */ = {
			isa = PBXSourcesBuildPhase;
			buildActionMask = 2147483647;
			files = (
				4A18FC5E1F2A84DA008262C3 /* Mars_ImagesUITests.swift in Sources */,
			);
			runOnlyForDeploymentPostprocessing = 0;
		};
/* End PBXSourcesBuildPhase section */

/* Begin PBXTargetDependency section */
		4A18FC501F2A84DA008262C3 /* PBXTargetDependency */ = {
			isa = PBXTargetDependency;
			target = 4A18FC391F2A84DA008262C3 /* Mars-Images */;
			targetProxy = 4A18FC4F1F2A84DA008262C3 /* PBXContainerItemProxy */;
		};
		4A18FC5B1F2A84DA008262C3 /* PBXTargetDependency */ = {
			isa = PBXTargetDependency;
			target = 4A18FC391F2A84DA008262C3 /* Mars-Images */;
			targetProxy = 4A18FC5A1F2A84DA008262C3 /* PBXContainerItemProxy */;
		};
/* End PBXTargetDependency section */

/* Begin PBXVariantGroup section */
		4A18FC411F2A84DA008262C3 /* Main.storyboard */ = {
			isa = PBXVariantGroup;
			children = (
				4A18FC421F2A84DA008262C3 /* Base */,
			);
			name = Main.storyboard;
			sourceTree = "<group>";
		};
		4A18FC461F2A84DA008262C3 /* LaunchScreen.storyboard */ = {
			isa = PBXVariantGroup;
			children = (
				4A18FC471F2A84DA008262C3 /* Base */,
			);
			name = LaunchScreen.storyboard;
			sourceTree = "<group>";
		};
/* End PBXVariantGroup section */

/* Begin XCBuildConfiguration section */
		4A18FC601F2A84DA008262C3 /* Debug */ = {
			isa = XCBuildConfiguration;
			buildSettings = {
				ALWAYS_SEARCH_USER_PATHS = NO;
				CLANG_ANALYZER_NONNULL = YES;
				CLANG_ANALYZER_NUMBER_OBJECT_CONVERSION = YES_AGGRESSIVE;
				CLANG_CXX_LANGUAGE_STANDARD = "gnu++0x";
				CLANG_CXX_LIBRARY = "libc++";
				CLANG_ENABLE_MODULES = YES;
				CLANG_ENABLE_OBJC_ARC = YES;
				CLANG_WARN_BOOL_CONVERSION = YES;
				CLANG_WARN_CONSTANT_CONVERSION = YES;
				CLANG_WARN_DIRECT_OBJC_ISA_USAGE = YES_ERROR;
				CLANG_WARN_DOCUMENTATION_COMMENTS = YES;
				CLANG_WARN_EMPTY_BODY = YES;
				CLANG_WARN_ENUM_CONVERSION = YES;
				CLANG_WARN_INFINITE_RECURSION = YES;
				CLANG_WARN_INT_CONVERSION = YES;
				CLANG_WARN_OBJC_ROOT_CLASS = YES_ERROR;
				CLANG_WARN_SUSPICIOUS_MOVE = YES;
				CLANG_WARN_UNREACHABLE_CODE = YES;
				CLANG_WARN__DUPLICATE_METHOD_MATCH = YES;
				"CODE_SIGN_IDENTITY[sdk=iphoneos*]" = "iPhone Developer";
				COPY_PHASE_STRIP = NO;
				DEBUG_INFORMATION_FORMAT = dwarf;
				ENABLE_STRICT_OBJC_MSGSEND = YES;
				ENABLE_TESTABILITY = YES;
				GCC_C_LANGUAGE_STANDARD = gnu99;
				GCC_DYNAMIC_NO_PIC = NO;
				GCC_NO_COMMON_BLOCKS = YES;
				GCC_OPTIMIZATION_LEVEL = 0;
				GCC_PREPROCESSOR_DEFINITIONS = (
					"DEBUG=1",
					"$(inherited)",
				);
				GCC_WARN_64_TO_32_BIT_CONVERSION = YES;
				GCC_WARN_ABOUT_RETURN_TYPE = YES_ERROR;
				GCC_WARN_UNDECLARED_SELECTOR = YES;
				GCC_WARN_UNINITIALIZED_AUTOS = YES_AGGRESSIVE;
				GCC_WARN_UNUSED_FUNCTION = YES;
				GCC_WARN_UNUSED_VARIABLE = YES;
				IPHONEOS_DEPLOYMENT_TARGET = 10.3;
				MTL_ENABLE_DEBUG_INFO = YES;
				ONLY_ACTIVE_ARCH = YES;
				SDKROOT = iphoneos;
				SWIFT_ACTIVE_COMPILATION_CONDITIONS = DEBUG;
				SWIFT_OPTIMIZATION_LEVEL = "-Onone";
				TARGETED_DEVICE_FAMILY = "1,2";
			};
			name = Debug;
		};
		4A18FC611F2A84DA008262C3 /* Release */ = {
			isa = XCBuildConfiguration;
			buildSettings = {
				ALWAYS_SEARCH_USER_PATHS = NO;
				CLANG_ANALYZER_NONNULL = YES;
				CLANG_ANALYZER_NUMBER_OBJECT_CONVERSION = YES_AGGRESSIVE;
				CLANG_CXX_LANGUAGE_STANDARD = "gnu++0x";
				CLANG_CXX_LIBRARY = "libc++";
				CLANG_ENABLE_MODULES = YES;
				CLANG_ENABLE_OBJC_ARC = YES;
				CLANG_WARN_BOOL_CONVERSION = YES;
				CLANG_WARN_CONSTANT_CONVERSION = YES;
				CLANG_WARN_DIRECT_OBJC_ISA_USAGE = YES_ERROR;
				CLANG_WARN_DOCUMENTATION_COMMENTS = YES;
				CLANG_WARN_EMPTY_BODY = YES;
				CLANG_WARN_ENUM_CONVERSION = YES;
				CLANG_WARN_INFINITE_RECURSION = YES;
				CLANG_WARN_INT_CONVERSION = YES;
				CLANG_WARN_OBJC_ROOT_CLASS = YES_ERROR;
				CLANG_WARN_SUSPICIOUS_MOVE = YES;
				CLANG_WARN_UNREACHABLE_CODE = YES;
				CLANG_WARN__DUPLICATE_METHOD_MATCH = YES;
				"CODE_SIGN_IDENTITY[sdk=iphoneos*]" = "iPhone Developer";
				COPY_PHASE_STRIP = NO;
				DEBUG_INFORMATION_FORMAT = "dwarf-with-dsym";
				ENABLE_NS_ASSERTIONS = NO;
				ENABLE_STRICT_OBJC_MSGSEND = YES;
				GCC_C_LANGUAGE_STANDARD = gnu99;
				GCC_NO_COMMON_BLOCKS = YES;
				GCC_WARN_64_TO_32_BIT_CONVERSION = YES;
				GCC_WARN_ABOUT_RETURN_TYPE = YES_ERROR;
				GCC_WARN_UNDECLARED_SELECTOR = YES;
				GCC_WARN_UNINITIALIZED_AUTOS = YES_AGGRESSIVE;
				GCC_WARN_UNUSED_FUNCTION = YES;
				GCC_WARN_UNUSED_VARIABLE = YES;
				IPHONEOS_DEPLOYMENT_TARGET = 10.3;
				MTL_ENABLE_DEBUG_INFO = NO;
				SDKROOT = iphoneos;
				SWIFT_OPTIMIZATION_LEVEL = "-Owholemodule";
				TARGETED_DEVICE_FAMILY = "1,2";
				VALIDATE_PRODUCT = YES;
			};
			name = Release;
		};
		4A18FC631F2A84DA008262C3 /* Debug */ = {
			isa = XCBuildConfiguration;
			buildSettings = {
				ASSETCATALOG_COMPILER_APPICON_NAME = AppIcon;
				DEVELOPMENT_TEAM = 3SJ2422ERE;
				INFOPLIST_FILE = "Mars-Images/Info.plist";
				LD_RUNPATH_SEARCH_PATHS = "$(inherited) @executable_path/Frameworks";
				PRODUCT_BUNDLE_IDENTIFIER = "com.powellware.Mars-Images";
				PRODUCT_NAME = "$(TARGET_NAME)";
				SWIFT_VERSION = 3.0;
			};
			name = Debug;
		};
		4A18FC641F2A84DA008262C3 /* Release */ = {
			isa = XCBuildConfiguration;
			buildSettings = {
				ASSETCATALOG_COMPILER_APPICON_NAME = AppIcon;
				DEVELOPMENT_TEAM = 3SJ2422ERE;
				INFOPLIST_FILE = "Mars-Images/Info.plist";
				LD_RUNPATH_SEARCH_PATHS = "$(inherited) @executable_path/Frameworks";
				PRODUCT_BUNDLE_IDENTIFIER = "com.powellware.Mars-Images";
				PRODUCT_NAME = "$(TARGET_NAME)";
				SWIFT_VERSION = 3.0;
			};
			name = Release;
		};
		4A18FC661F2A84DA008262C3 /* Debug */ = {
			isa = XCBuildConfiguration;
			buildSettings = {
				ALWAYS_EMBED_SWIFT_STANDARD_LIBRARIES = YES;
				BUNDLE_LOADER = "$(TEST_HOST)";
				DEVELOPMENT_TEAM = 3SJ2422ERE;
				INFOPLIST_FILE = "Mars-ImagesTests/Info.plist";
				LD_RUNPATH_SEARCH_PATHS = "$(inherited) @executable_path/Frameworks @loader_path/Frameworks";
				PRODUCT_BUNDLE_IDENTIFIER = "com.powellware.Mars-ImagesTests";
				PRODUCT_NAME = "$(TARGET_NAME)";
				SWIFT_VERSION = 3.0;
				TEST_HOST = "$(BUILT_PRODUCTS_DIR)/Mars-Images.app/Mars-Images";
			};
			name = Debug;
		};
		4A18FC671F2A84DA008262C3 /* Release */ = {
			isa = XCBuildConfiguration;
			buildSettings = {
				ALWAYS_EMBED_SWIFT_STANDARD_LIBRARIES = YES;
				BUNDLE_LOADER = "$(TEST_HOST)";
				DEVELOPMENT_TEAM = 3SJ2422ERE;
				INFOPLIST_FILE = "Mars-ImagesTests/Info.plist";
				LD_RUNPATH_SEARCH_PATHS = "$(inherited) @executable_path/Frameworks @loader_path/Frameworks";
				PRODUCT_BUNDLE_IDENTIFIER = "com.powellware.Mars-ImagesTests";
				PRODUCT_NAME = "$(TARGET_NAME)";
				SWIFT_VERSION = 3.0;
				TEST_HOST = "$(BUILT_PRODUCTS_DIR)/Mars-Images.app/Mars-Images";
			};
			name = Release;
		};
		4A18FC691F2A84DA008262C3 /* Debug */ = {
			isa = XCBuildConfiguration;
			buildSettings = {
				ALWAYS_EMBED_SWIFT_STANDARD_LIBRARIES = YES;
				DEVELOPMENT_TEAM = 3SJ2422ERE;
				INFOPLIST_FILE = "Mars-ImagesUITests/Info.plist";
				LD_RUNPATH_SEARCH_PATHS = "$(inherited) @executable_path/Frameworks @loader_path/Frameworks";
				PRODUCT_BUNDLE_IDENTIFIER = "com.powellware.Mars-ImagesUITests";
				PRODUCT_NAME = "$(TARGET_NAME)";
				SWIFT_VERSION = 3.0;
				TEST_TARGET_NAME = "Mars-Images";
			};
			name = Debug;
		};
		4A18FC6A1F2A84DA008262C3 /* Release */ = {
			isa = XCBuildConfiguration;
			buildSettings = {
				ALWAYS_EMBED_SWIFT_STANDARD_LIBRARIES = YES;
				DEVELOPMENT_TEAM = 3SJ2422ERE;
				INFOPLIST_FILE = "Mars-ImagesUITests/Info.plist";
				LD_RUNPATH_SEARCH_PATHS = "$(inherited) @executable_path/Frameworks @loader_path/Frameworks";
				PRODUCT_BUNDLE_IDENTIFIER = "com.powellware.Mars-ImagesUITests";
				PRODUCT_NAME = "$(TARGET_NAME)";
				SWIFT_VERSION = 3.0;
				TEST_TARGET_NAME = "Mars-Images";
			};
			name = Release;
		};
/* End XCBuildConfiguration section */

/* Begin XCConfigurationList section */
		4A18FC351F2A84DA008262C3 /* Build configuration list for PBXProject "Mars-Images" */ = {
			isa = XCConfigurationList;
			buildConfigurations = (
				4A18FC601F2A84DA008262C3 /* Debug */,
				4A18FC611F2A84DA008262C3 /* Release */,
			);
			defaultConfigurationIsVisible = 0;
			defaultConfigurationName = Release;
		};
		4A18FC621F2A84DA008262C3 /* Build configuration list for PBXNativeTarget "Mars-Images" */ = {
			isa = XCConfigurationList;
			buildConfigurations = (
				4A18FC631F2A84DA008262C3 /* Debug */,
				4A18FC641F2A84DA008262C3 /* Release */,
			);
			defaultConfigurationIsVisible = 0;
		};
		4A18FC651F2A84DA008262C3 /* Build configuration list for PBXNativeTarget "Mars-ImagesTests" */ = {
			isa = XCConfigurationList;
			buildConfigurations = (
				4A18FC661F2A84DA008262C3 /* Debug */,
				4A18FC671F2A84DA008262C3 /* Release */,
			);
			defaultConfigurationIsVisible = 0;
		};
		4A18FC681F2A84DA008262C3 /* Build configuration list for PBXNativeTarget "Mars-ImagesUITests" */ = {
			isa = XCConfigurationList;
			buildConfigurations = (
				4A18FC691F2A84DA008262C3 /* Debug */,
				4A18FC6A1F2A84DA008262C3 /* Release */,
			);
			defaultConfigurationIsVisible = 0;
		};
/* End XCConfigurationList section */
	};
	rootObject = 4A18FC321F2A84DA008262C3 /* Project object */;
}
