// !$*UTF8*$!
{
	archiveVersion = 1;
	classes = {
	};
	objectVersion = 46;
	objects = {

/* Begin PBXBuildFile section */
		4A0C8165186FA53100E2DFC4 /* MarsTimeView.m in Sources */ = {isa = PBXBuildFile; fileRef = 4A0C8164186FA53100E2DFC4 /* MarsTimeView.m */; };
		4A0C8168187237C000E2DFC4 /* MosaicViewController.m in Sources */ = {isa = PBXBuildFile; fileRef = 4A0C8167187237C000E2DFC4 /* MosaicViewController.m */; };
		4A0C816B1872387E00E2DFC4 /* GLKit.framework in Frameworks */ = {isa = PBXBuildFile; fileRef = 4A0C81691872387E00E2DFC4 /* GLKit.framework */; };
		4A0C816C1872387E00E2DFC4 /* OpenGLES.framework in Frameworks */ = {isa = PBXBuildFile; fileRef = 4A0C816A1872387E00E2DFC4 /* OpenGLES.framework */; };
		4A0C816F1872443500E2DFC4 /* InfiniteScrollView.m in Sources */ = {isa = PBXBuildFile; fileRef = 4A0C816E1872443500E2DFC4 /* InfiniteScrollView.m */; };
		4A11FB6A17BC4BCE00439C1E /* README.md in Resources */ = {isa = PBXBuildFile; fileRef = 4A11FB6917BC4BCE00439C1E /* README.md */; };
		4A13755618AAD2D500C7B8E0 /* MapViewController.m in Sources */ = {isa = PBXBuildFile; fileRef = 4A13755518AAD2D500C7B8E0 /* MapViewController.m */; };
		4A13755A18AAE03900C7B8E0 /* clearbackground.png in Resources */ = {isa = PBXBuildFile; fileRef = 4A13755918AAE03900C7B8E0 /* clearbackground.png */; };
		4A13755D18AAE2A600C7B8E0 /* S3TileSource.m in Sources */ = {isa = PBXBuildFile; fileRef = 4A13755C18AAE2A600C7B8E0 /* S3TileSource.m */; };
		4A26D631176542A600F824E8 /* Evernote.m in Sources */ = {isa = PBXBuildFile; fileRef = 4A26D628176542A600F824E8 /* Evernote.m */; settings = {COMPILER_FLAGS = "-fno-objc-arc"; }; };
		4A318AAC195A67690088477C /* Rover.m in Sources */ = {isa = PBXBuildFile; fileRef = 4A318AAB195A67690088477C /* Rover.m */; };
		4A31DCF7185AB52800174A4A /* MarsImageTableViewController.m in Sources */ = {isa = PBXBuildFile; fileRef = 4A31DCF6185AB52800174A4A /* MarsImageTableViewController.m */; };
		4A31DCFA185E572100174A4A /* MarsImageNotebook.m in Sources */ = {isa = PBXBuildFile; fileRef = 4A31DCF9185E572100174A4A /* MarsImageNotebook.m */; };
		4A31DD06185FB82300174A4A /* MarsSidePanelController.m in Sources */ = {isa = PBXBuildFile; fileRef = 4A31DD05185FB82300174A4A /* MarsSidePanelController.m */; };
		4A33C81E1879144B00EC0D81 /* Title.m in Sources */ = {isa = PBXBuildFile; fileRef = 4A33C81D1879144B00EC0D81 /* Title.m */; };
		4A33C820187A21C900EC0D81 /* SearchResultTableCellView.xib in Resources */ = {isa = PBXBuildFile; fileRef = 4A33C81F187A21C900EC0D81 /* SearchResultTableCellView.xib */; };
		4A38AB8719365E4F00CEE163 /* compass.png in Resources */ = {isa = PBXBuildFile; fileRef = 4A38AB8619365E4F00CEE163 /* compass.png */; };
		4A39DFA41658B8DB001FFD0C /* Settings.bundle in Resources */ = {isa = PBXBuildFile; fileRef = 4A39DFA31658B8DB001FFD0C /* Settings.bundle */; };
		4A39DFA61658BC6C001FFD0C /* Settings.bundle in Resources */ = {isa = PBXBuildFile; fileRef = 4A39DFA31658B8DB001FFD0C /* Settings.bundle */; };
		4A39DFAC1659465B001FFD0C /* FixedWidthImageTableViewCell.m in Sources */ = {isa = PBXBuildFile; fileRef = 4A39DFAB1659465B001FFD0C /* FixedWidthImageTableViewCell.m */; };
		4A39DFD116595943001FFD0C /* QuartzCore.framework in Frameworks */ = {isa = PBXBuildFile; fileRef = 4A39DFD016595943001FFD0C /* QuartzCore.framework */; };
		4A4998ED186666FA00A78F67 /* MER.m in Sources */ = {isa = PBXBuildFile; fileRef = 4A4998EC186666FA00A78F67 /* MER.m */; };
		4A4998F01866670500A78F67 /* Curiosity.m in Sources */ = {isa = PBXBuildFile; fileRef = 4A4998EF1866670500A78F67 /* Curiosity.m */; };
		4A4998F31866680F00A78F67 /* Opportunity.m in Sources */ = {isa = PBXBuildFile; fileRef = 4A4998F21866680F00A78F67 /* Opportunity.m */; };
		4A4998F61866681800A78F67 /* Spirit.m in Sources */ = {isa = PBXBuildFile; fileRef = 4A4998F51866681800A78F67 /* Spirit.m */; };
		4A4998FA1866C0B600A78F67 /* MERTitle.m in Sources */ = {isa = PBXBuildFile; fileRef = 4A4998F91866C0B600A78F67 /* MERTitle.m */; };
		4A4998FD1867766300A78F67 /* MarsPhoto.m in Sources */ = {isa = PBXBuildFile; fileRef = 4A4998FC1867766300A78F67 /* MarsPhoto.m */; };
		4A51D7D917E28F7500E8E0D6 /* Images.xcassets in Resources */ = {isa = PBXBuildFile; fileRef = 4A51D7D817E28F7500E8E0D6 /* Images.xcassets */; };
		4A5A1E6D181C963A00EC2020 /* MarsImageViewController.m in Sources */ = {isa = PBXBuildFile; fileRef = 4A5A1E6C181C963A00EC2020 /* MarsImageViewController.m */; };
		4A61959F17C4640700036B16 /* LICENSE in Resources */ = {isa = PBXBuildFile; fileRef = 4A61959E17C4640700036B16 /* LICENSE */; };
		4A82D4F218A051E800A6F2BE /* CAHV.m in Sources */ = {isa = PBXBuildFile; fileRef = 4A82D4F118A051E800A6F2BE /* CAHV.m */; };
		4A82D4F718A054AC00A6F2BE /* CAHVOR.m in Sources */ = {isa = PBXBuildFile; fileRef = 4A82D4F618A054AC00A6F2BE /* CAHVOR.m */; };
		4A82D4FA18A054BF00A6F2BE /* CAHVORE.m in Sources */ = {isa = PBXBuildFile; fileRef = 4A82D4F918A054BF00A6F2BE /* CAHVORE.m */; };
		4A82D4FD18A0585600A6F2BE /* Math.m in Sources */ = {isa = PBXBuildFile; fileRef = 4A82D4FC18A0585600A6F2BE /* Math.m */; };
		4A82D50018A17A9C00A6F2BE /* CameraModel.m in Sources */ = {isa = PBXBuildFile; fileRef = 4A82D4FF18A17A9C00A6F2BE /* CameraModel.m */; };
		4A82D50418A2F67400A6F2BE /* MarsScene.m in Sources */ = {isa = PBXBuildFile; fileRef = 4A82D50318A2F67400A6F2BE /* MarsScene.m */; };
		4A82D50D18A56A5400A6F2BE /* AGLKContext.m in Sources */ = {isa = PBXBuildFile; fileRef = 4A82D50618A56A5400A6F2BE /* AGLKContext.m */; };
		4A82D50E18A56A5400A6F2BE /* AGLKVertexAttribArrayBuffer.m in Sources */ = {isa = PBXBuildFile; fileRef = 4A82D50818A56A5400A6F2BE /* AGLKVertexAttribArrayBuffer.m */; };
		4A82D50F18A56A5400A6F2BE /* SceneMesh.m in Sources */ = {isa = PBXBuildFile; fileRef = 4A82D50A18A56A5400A6F2BE /* SceneMesh.m */; };
		4A82D51418A68DA700A6F2BE /* ImageUtility.m in Sources */ = {isa = PBXBuildFile; fileRef = 4A82D51318A68DA700A6F2BE /* ImageUtility.m */; };
		4A82D53618A85DB000A6F2BE /* CoreMotion.framework in Frameworks */ = {isa = PBXBuildFile; fileRef = 4A82D53518A85DB000A6F2BE /* CoreMotion.framework */; };
		4A82D53818A85DBC00A6F2BE /* CoreLocation.framework in Frameworks */ = {isa = PBXBuildFile; fileRef = 4A82D53718A85DBC00A6F2BE /* CoreLocation.framework */; };
		4A8DFF4517C9748B0060D73C /* map_icon@2x.png in Resources */ = {isa = PBXBuildFile; fileRef = 4A8DFF4417C9748B0060D73C /* map_icon@2x.png */; };
		4A909B85187E59B40040017C /* MarsImageCaptionView.m in Sources */ = {isa = PBXBuildFile; fileRef = 4A909B84187E59B40040017C /* MarsImageCaptionView.m */; };
		4A909B88187E6F910040017C /* clock.png in Resources */ = {isa = PBXBuildFile; fileRef = 4A909B86187E6F910040017C /* clock.png */; };
		4A909B89187E6F910040017C /* clock@2x.png in Resources */ = {isa = PBXBuildFile; fileRef = 4A909B87187E6F910040017C /* clock@2x.png */; };
		4A909B8C187E75110040017C /* rovericon.png in Resources */ = {isa = PBXBuildFile; fileRef = 4A909B8A187E75110040017C /* rovericon.png */; };
		4A909B8D187E75110040017C /* rovericon@2x.png in Resources */ = {isa = PBXBuildFile; fileRef = 4A909B8B187E75110040017C /* rovericon@2x.png */; };
		4A9294CE1A5CA9770017EF60 /* binoculars.png in Resources */ = {isa = PBXBuildFile; fileRef = 4A9294CD1A5CA9770017EF60 /* binoculars.png */; };
		4A9928C61970520200BB9200 /* hover_compass.png in Resources */ = {isa = PBXBuildFile; fileRef = 4A9928C51970520200BB9200 /* hover_compass.png */; };
		4A9F46451773CDDF00F8D689 /* map_icon.png in Resources */ = {isa = PBXBuildFile; fileRef = 4A9F46441773CDDF00F8D689 /* map_icon.png */; };
		4AA1D531192DB1BB007A3E4D /* Quaternion.m in Sources */ = {isa = PBXBuildFile; fileRef = 4AA1D530192DB1BB007A3E4D /* Quaternion.m */; };
		4AAFF47D196A5F94004B93C8 /* left_arrow.png in Resources */ = {isa = PBXBuildFile; fileRef = 4AAFF47B196A5F94004B93C8 /* left_arrow.png */; };
		4AAFF47E196A5F94004B93C8 /* right_arrow.png in Resources */ = {isa = PBXBuildFile; fileRef = 4AAFF47C196A5F94004B93C8 /* right_arrow.png */; };
		4AAFF482196B9CEC004B93C8 /* black_background.png in Resources */ = {isa = PBXBuildFile; fileRef = 4AAFF481196B9CEC004B93C8 /* black_background.png */; };
		4ABF33771863A327001C9AE8 /* placeholder.png in Resources */ = {isa = PBXBuildFile; fileRef = 4ABF33761863A327001C9AE8 /* placeholder.png */; };
		4AC5DCFE165864F400A79555 /* UIKit.framework in Frameworks */ = {isa = PBXBuildFile; fileRef = 4AC5DCFD165864F400A79555 /* UIKit.framework */; };
		4AC5DD00165864F400A79555 /* Foundation.framework in Frameworks */ = {isa = PBXBuildFile; fileRef = 4AC5DCFF165864F400A79555 /* Foundation.framework */; };
		4AC5DD02165864F400A79555 /* CoreGraphics.framework in Frameworks */ = {isa = PBXBuildFile; fileRef = 4AC5DD01165864F400A79555 /* CoreGraphics.framework */; };
		4AC5DD08165864F400A79555 /* InfoPlist.strings in Resources */ = {isa = PBXBuildFile; fileRef = 4AC5DD06165864F400A79555 /* InfoPlist.strings */; };
		4AC5DD0A165864F400A79555 /* main.m in Sources */ = {isa = PBXBuildFile; fileRef = 4AC5DD09165864F400A79555 /* main.m */; };
		4AC5DD0E165864F400A79555 /* AppDelegate.m in Sources */ = {isa = PBXBuildFile; fileRef = 4AC5DD0D165864F400A79555 /* AppDelegate.m */; };
		4AC5DD17165864F400A79555 /* MainStoryboard_iPhone.storyboard in Resources */ = {isa = PBXBuildFile; fileRef = 4AC5DD15165864F400A79555 /* MainStoryboard_iPhone.storyboard */; };
		4AC5DD1A165864F400A79555 /* MainStoryboard_iPad.storyboard in Resources */ = {isa = PBXBuildFile; fileRef = 4AC5DD18165864F400A79555 /* MainStoryboard_iPad.storyboard */; };
		4AC5DD29165864F500A79555 /* UIKit.framework in Frameworks */ = {isa = PBXBuildFile; fileRef = 4AC5DCFD165864F400A79555 /* UIKit.framework */; };
		4AC5DD2A165864F500A79555 /* Foundation.framework in Frameworks */ = {isa = PBXBuildFile; fileRef = 4AC5DCFF165864F400A79555 /* Foundation.framework */; };
		4AC5DD32165864F500A79555 /* InfoPlist.strings in Resources */ = {isa = PBXBuildFile; fileRef = 4AC5DD30165864F500A79555 /* InfoPlist.strings */; };
		4AC5DD35165864F500A79555 /* Mars_ImagesTests.m in Sources */ = {isa = PBXBuildFile; fileRef = 4AC5DD34165864F500A79555 /* Mars_ImagesTests.m */; };
		4AC5DD47165889C900A79555 /* AboutViewController.m in Sources */ = {isa = PBXBuildFile; fileRef = 4AC5DD46165889C900A79555 /* AboutViewController.m */; };
		4AC5DDB316588F3C00A79555 /* Security.framework in Frameworks */ = {isa = PBXBuildFile; fileRef = 4AC5DDB216588F3C00A79555 /* Security.framework */; };
		4AC5DDB516588F4500A79555 /* SystemConfiguration.framework in Frameworks */ = {isa = PBXBuildFile; fileRef = 4AC5DDB416588F4500A79555 /* SystemConfiguration.framework */; };
		4AC5DDB716588F4D00A79555 /* MessageUI.framework in Frameworks */ = {isa = PBXBuildFile; fileRef = 4AC5DDB616588F4D00A79555 /* MessageUI.framework */; };
		4AC9FB861A02D6C9003B38F4 /* ImageQuad.m in Sources */ = {isa = PBXBuildFile; fileRef = 4AC9FB851A02D6C9003B38F4 /* ImageQuad.m */; };
		4ACFF6C8174C3344004F5D46 /* MarsTime.m in Sources */ = {isa = PBXBuildFile; fileRef = 4ACFF6C7174C3344004F5D46 /* MarsTime.m */; };
		4ACFF6CA174C7E6B004F5D46 /* QuartzCore.framework in Frameworks */ = {isa = PBXBuildFile; fileRef = 4A39DFD016595943001FFD0C /* QuartzCore.framework */; };
		4ACFF6CB174C7E7E004F5D46 /* Security.framework in Frameworks */ = {isa = PBXBuildFile; fileRef = 4AC5DDB216588F3C00A79555 /* Security.framework */; };
		4AD73E841A0ACAC10043D1B1 /* AGLKFrustum.m in Sources */ = {isa = PBXBuildFile; fileRef = 4AD73E831A0ACAC10043D1B1 /* AGLKFrustum.m */; };
		4AEA8F491A1E7748002071FA /* rovericon@3x.png in Resources */ = {isa = PBXBuildFile; fileRef = 4AEA8F481A1E7748002071FA /* rovericon@3x.png */; };
		4AEA8F4B1A1EAE49002071FA /* panorama_icon@3x.png in Resources */ = {isa = PBXBuildFile; fileRef = 4AEA8F4A1A1EAE49002071FA /* panorama_icon@3x.png */; };
		4AEA8F4E1A1EB3BB002071FA /* right_arrow@2x.png in Resources */ = {isa = PBXBuildFile; fileRef = 4AEA8F4C1A1EB3BB002071FA /* right_arrow@2x.png */; };
		4AEA8F4F1A1EB3BB002071FA /* right_arrow@3x.png in Resources */ = {isa = PBXBuildFile; fileRef = 4AEA8F4D1A1EB3BB002071FA /* right_arrow@3x.png */; };
		4AEA8F521A1EB5A0002071FA /* left_arrow@2x.png in Resources */ = {isa = PBXBuildFile; fileRef = 4AEA8F501A1EB5A0002071FA /* left_arrow@2x.png */; };
		4AEA8F531A1EB5A0002071FA /* left_arrow@3x.png in Resources */ = {isa = PBXBuildFile; fileRef = 4AEA8F511A1EB5A0002071FA /* left_arrow@3x.png */; };
		4AEA8F561A1ED115002071FA /* hamburger_icon@2x.png in Resources */ = {isa = PBXBuildFile; fileRef = 4AEA8F541A1ED115002071FA /* hamburger_icon@2x.png */; };
		4AEA8F571A1ED115002071FA /* hamburger_icon@3x.png in Resources */ = {isa = PBXBuildFile; fileRef = 4AEA8F551A1ED115002071FA /* hamburger_icon@3x.png */; };
		4AEA8F5A1A1ED281002071FA /* compass@2x.png in Resources */ = {isa = PBXBuildFile; fileRef = 4AEA8F581A1ED281002071FA /* compass@2x.png */; };
		4AEA8F5B1A1ED281002071FA /* compass@3x.png in Resources */ = {isa = PBXBuildFile; fileRef = 4AEA8F591A1ED281002071FA /* compass@3x.png */; };
		4AEA8F5D1A1ED37E002071FA /* clock@3x.png in Resources */ = {isa = PBXBuildFile; fileRef = 4AEA8F5C1A1ED37E002071FA /* clock@3x.png */; };
		4AEA8F5F1A1ED49A002071FA /* map_icon@3x.png in Resources */ = {isa = PBXBuildFile; fileRef = 4AEA8F5E1A1ED49A002071FA /* map_icon@3x.png */; };
		4AFC33A51861274F000C1F32 /* hamburger_icon.png in Resources */ = {isa = PBXBuildFile; fileRef = 4AFC33A41861274F000C1F32 /* hamburger_icon.png */; };
		4AFCBC2B196E1D4E00172409 /* panorama_icon.png in Resources */ = {isa = PBXBuildFile; fileRef = 4AFCBC29196E1D4E00172409 /* panorama_icon.png */; };
		4AFCBC2C196E1D4E00172409 /* panorama_icon@2x.png in Resources */ = {isa = PBXBuildFile; fileRef = 4AFCBC2A196E1D4E00172409 /* panorama_icon@2x.png */; };
		7409D9236771481BBCE7B2C2 /* libPods.a in Frameworks */ = {isa = PBXBuildFile; fileRef = FCA33E0049F041F884F26C22 /* libPods.a */; };
		AC8F3A649AFB58141207E686 /* libPods-Mars-Images.a in Frameworks */ = {isa = PBXBuildFile; fileRef = B29EDB9621050A598591CF58 /* libPods-Mars-Images.a */; };
/* End PBXBuildFile section */

/* Begin PBXContainerItemProxy section */
		4AC5DD2B165864F500A79555 /* PBXContainerItemProxy */ = {
			isa = PBXContainerItemProxy;
			containerPortal = 4AC5DCF0165864F400A79555 /* Project object */;
			proxyType = 1;
			remoteGlobalIDString = 4AC5DCF8165864F400A79555;
			remoteInfo = "Mars-Images";
		};
/* End PBXContainerItemProxy section */

/* Begin PBXFileReference section */
		0173471C86DC57C8E41D7C73 /* Pods-Mars-Images.distribution.xcconfig */ = {isa = PBXFileReference; includeInIndex = 1; lastKnownFileType = text.xcconfig; name = "Pods-Mars-Images.distribution.xcconfig"; path = "Pods/Target Support Files/Pods-Mars-Images/Pods-Mars-Images.distribution.xcconfig"; sourceTree = "<group>"; };
		19A19A0C6D0380903509E28F /* Pods-Mars-Images.release.xcconfig */ = {isa = PBXFileReference; includeInIndex = 1; lastKnownFileType = text.xcconfig; name = "Pods-Mars-Images.release.xcconfig"; path = "Pods/Target Support Files/Pods-Mars-Images/Pods-Mars-Images.release.xcconfig"; sourceTree = "<group>"; };
		343143D96B869B9FD5F3E651 /* Pods-Mars-Images.debug.xcconfig */ = {isa = PBXFileReference; includeInIndex = 1; lastKnownFileType = text.xcconfig; name = "Pods-Mars-Images.debug.xcconfig"; path = "Pods/Target Support Files/Pods-Mars-Images/Pods-Mars-Images.debug.xcconfig"; sourceTree = "<group>"; };
		4A0C8163186FA53100E2DFC4 /* MarsTimeView.h */ = {isa = PBXFileReference; fileEncoding = 4; lastKnownFileType = sourcecode.c.h; path = MarsTimeView.h; sourceTree = "<group>"; };
		4A0C8164186FA53100E2DFC4 /* MarsTimeView.m */ = {isa = PBXFileReference; fileEncoding = 4; lastKnownFileType = sourcecode.c.objc; path = MarsTimeView.m; sourceTree = "<group>"; };
		4A0C8166187237C000E2DFC4 /* MosaicViewController.h */ = {isa = PBXFileReference; fileEncoding = 4; lastKnownFileType = sourcecode.c.h; path = MosaicViewController.h; sourceTree = "<group>"; };
		4A0C8167187237C000E2DFC4 /* MosaicViewController.m */ = {isa = PBXFileReference; fileEncoding = 4; lastKnownFileType = sourcecode.c.objc; path = MosaicViewController.m; sourceTree = "<group>"; };
		4A0C81691872387E00E2DFC4 /* GLKit.framework */ = {isa = PBXFileReference; lastKnownFileType = wrapper.framework; name = GLKit.framework; path = System/Library/Frameworks/GLKit.framework; sourceTree = SDKROOT; };
		4A0C816A1872387E00E2DFC4 /* OpenGLES.framework */ = {isa = PBXFileReference; lastKnownFileType = wrapper.framework; name = OpenGLES.framework; path = System/Library/Frameworks/OpenGLES.framework; sourceTree = SDKROOT; };
		4A0C816D1872443500E2DFC4 /* InfiniteScrollView.h */ = {isa = PBXFileReference; fileEncoding = 4; lastKnownFileType = sourcecode.c.h; path = InfiniteScrollView.h; sourceTree = "<group>"; };
		4A0C816E1872443500E2DFC4 /* InfiniteScrollView.m */ = {isa = PBXFileReference; fileEncoding = 4; lastKnownFileType = sourcecode.c.objc; path = InfiniteScrollView.m; sourceTree = "<group>"; };
		4A11FB6917BC4BCE00439C1E /* README.md */ = {isa = PBXFileReference; fileEncoding = 4; lastKnownFileType = text; path = README.md; sourceTree = "<group>"; };
		4A13755418AAD2D500C7B8E0 /* MapViewController.h */ = {isa = PBXFileReference; fileEncoding = 4; lastKnownFileType = sourcecode.c.h; path = MapViewController.h; sourceTree = "<group>"; };
		4A13755518AAD2D500C7B8E0 /* MapViewController.m */ = {isa = PBXFileReference; fileEncoding = 4; lastKnownFileType = sourcecode.c.objc; path = MapViewController.m; sourceTree = "<group>"; };
		4A13755918AAE03900C7B8E0 /* clearbackground.png */ = {isa = PBXFileReference; lastKnownFileType = image.png; path = clearbackground.png; sourceTree = "<group>"; };
		4A13755B18AAE2A600C7B8E0 /* S3TileSource.h */ = {isa = PBXFileReference; fileEncoding = 4; lastKnownFileType = sourcecode.c.h; path = S3TileSource.h; sourceTree = "<group>"; };
		4A13755C18AAE2A600C7B8E0 /* S3TileSource.m */ = {isa = PBXFileReference; fileEncoding = 4; lastKnownFileType = sourcecode.c.objc; path = S3TileSource.m; sourceTree = "<group>"; };
		4A26D627176542A600F824E8 /* Evernote.h */ = {isa = PBXFileReference; fileEncoding = 4; lastKnownFileType = sourcecode.c.h; name = Evernote.h; path = Evernote/Evernote.h; sourceTree = "<group>"; };
		4A26D628176542A600F824E8 /* Evernote.m */ = {isa = PBXFileReference; fileEncoding = 4; lastKnownFileType = sourcecode.c.objc; name = Evernote.m; path = Evernote/Evernote.m; sourceTree = "<group>"; };
		4A318AAA195A67690088477C /* Rover.h */ = {isa = PBXFileReference; fileEncoding = 4; lastKnownFileType = sourcecode.c.h; path = Rover.h; sourceTree = "<group>"; };
		4A318AAB195A67690088477C /* Rover.m */ = {isa = PBXFileReference; fileEncoding = 4; lastKnownFileType = sourcecode.c.objc; path = Rover.m; sourceTree = "<group>"; };
		4A31DCF5185AB52800174A4A /* MarsImageTableViewController.h */ = {isa = PBXFileReference; fileEncoding = 4; lastKnownFileType = sourcecode.c.h; path = MarsImageTableViewController.h; sourceTree = "<group>"; };
		4A31DCF6185AB52800174A4A /* MarsImageTableViewController.m */ = {isa = PBXFileReference; fileEncoding = 4; lastKnownFileType = sourcecode.c.objc; path = MarsImageTableViewController.m; sourceTree = "<group>"; };
		4A31DCF8185E572100174A4A /* MarsImageNotebook.h */ = {isa = PBXFileReference; fileEncoding = 4; lastKnownFileType = sourcecode.c.h; path = MarsImageNotebook.h; sourceTree = "<group>"; };
		4A31DCF9185E572100174A4A /* MarsImageNotebook.m */ = {isa = PBXFileReference; fileEncoding = 4; lastKnownFileType = sourcecode.c.objc; path = MarsImageNotebook.m; sourceTree = "<group>"; };
		4A31DD04185FB82300174A4A /* MarsSidePanelController.h */ = {isa = PBXFileReference; fileEncoding = 4; lastKnownFileType = sourcecode.c.h; path = MarsSidePanelController.h; sourceTree = "<group>"; };
		4A31DD05185FB82300174A4A /* MarsSidePanelController.m */ = {isa = PBXFileReference; fileEncoding = 4; lastKnownFileType = sourcecode.c.objc; path = MarsSidePanelController.m; sourceTree = "<group>"; };
		4A33C81C1879144B00EC0D81 /* Title.h */ = {isa = PBXFileReference; fileEncoding = 4; lastKnownFileType = sourcecode.c.h; path = Title.h; sourceTree = "<group>"; };
		4A33C81D1879144B00EC0D81 /* Title.m */ = {isa = PBXFileReference; fileEncoding = 4; lastKnownFileType = sourcecode.c.objc; path = Title.m; sourceTree = "<group>"; };
		4A33C81F187A21C900EC0D81 /* SearchResultTableCellView.xib */ = {isa = PBXFileReference; fileEncoding = 4; lastKnownFileType = file.xib; path = SearchResultTableCellView.xib; sourceTree = "<group>"; };
		4A38AB8619365E4F00CEE163 /* compass.png */ = {isa = PBXFileReference; lastKnownFileType = image.png; path = compass.png; sourceTree = "<group>"; };
		4A39DFA31658B8DB001FFD0C /* Settings.bundle */ = {isa = PBXFileReference; lastKnownFileType = "wrapper.plug-in"; path = Settings.bundle; sourceTree = "<group>"; };
		4A39DFAA1659465B001FFD0C /* FixedWidthImageTableViewCell.h */ = {isa = PBXFileReference; fileEncoding = 4; lastKnownFileType = sourcecode.c.h; path = FixedWidthImageTableViewCell.h; sourceTree = "<group>"; };
		4A39DFAB1659465B001FFD0C /* FixedWidthImageTableViewCell.m */ = {isa = PBXFileReference; fileEncoding = 4; lastKnownFileType = sourcecode.c.objc; path = FixedWidthImageTableViewCell.m; sourceTree = "<group>"; };
		4A39DFD016595943001FFD0C /* QuartzCore.framework */ = {isa = PBXFileReference; lastKnownFileType = wrapper.framework; name = QuartzCore.framework; path = System/Library/Frameworks/QuartzCore.framework; sourceTree = SDKROOT; };
		4A4998EB186666FA00A78F67 /* MER.h */ = {isa = PBXFileReference; fileEncoding = 4; lastKnownFileType = sourcecode.c.h; path = MER.h; sourceTree = "<group>"; };
		4A4998EC186666FA00A78F67 /* MER.m */ = {isa = PBXFileReference; fileEncoding = 4; lastKnownFileType = sourcecode.c.objc; path = MER.m; sourceTree = "<group>"; };
		4A4998EE1866670500A78F67 /* Curiosity.h */ = {isa = PBXFileReference; fileEncoding = 4; lastKnownFileType = sourcecode.c.h; path = Curiosity.h; sourceTree = "<group>"; };
		4A4998EF1866670500A78F67 /* Curiosity.m */ = {isa = PBXFileReference; fileEncoding = 4; lastKnownFileType = sourcecode.c.objc; path = Curiosity.m; sourceTree = "<group>"; };
		4A4998F11866680F00A78F67 /* Opportunity.h */ = {isa = PBXFileReference; fileEncoding = 4; lastKnownFileType = sourcecode.c.h; path = Opportunity.h; sourceTree = "<group>"; };
		4A4998F21866680F00A78F67 /* Opportunity.m */ = {isa = PBXFileReference; fileEncoding = 4; lastKnownFileType = sourcecode.c.objc; path = Opportunity.m; sourceTree = "<group>"; };
		4A4998F41866681800A78F67 /* Spirit.h */ = {isa = PBXFileReference; fileEncoding = 4; lastKnownFileType = sourcecode.c.h; path = Spirit.h; sourceTree = "<group>"; };
		4A4998F51866681800A78F67 /* Spirit.m */ = {isa = PBXFileReference; fileEncoding = 4; lastKnownFileType = sourcecode.c.objc; path = Spirit.m; sourceTree = "<group>"; };
		4A4998F71866688F00A78F67 /* MarsRover.h */ = {isa = PBXFileReference; lastKnownFileType = sourcecode.c.h; path = MarsRover.h; sourceTree = "<group>"; };
		4A4998F81866C0B600A78F67 /* MERTitle.h */ = {isa = PBXFileReference; fileEncoding = 4; lastKnownFileType = sourcecode.c.h; path = MERTitle.h; sourceTree = "<group>"; };
		4A4998F91866C0B600A78F67 /* MERTitle.m */ = {isa = PBXFileReference; fileEncoding = 4; lastKnownFileType = sourcecode.c.objc; path = MERTitle.m; sourceTree = "<group>"; };
		4A4998FB1867766300A78F67 /* MarsPhoto.h */ = {isa = PBXFileReference; fileEncoding = 4; lastKnownFileType = sourcecode.c.h; path = MarsPhoto.h; sourceTree = "<group>"; };
		4A4998FC1867766300A78F67 /* MarsPhoto.m */ = {isa = PBXFileReference; fileEncoding = 4; lastKnownFileType = sourcecode.c.objc; path = MarsPhoto.m; sourceTree = "<group>"; };
		4A51D7D817E28F7500E8E0D6 /* Images.xcassets */ = {isa = PBXFileReference; lastKnownFileType = folder.assetcatalog; path = Images.xcassets; sourceTree = "<group>"; };
		4A5A1E6B181C963A00EC2020 /* MarsImageViewController.h */ = {isa = PBXFileReference; fileEncoding = 4; lastKnownFileType = sourcecode.c.h; path = MarsImageViewController.h; sourceTree = "<group>"; };
		4A5A1E6C181C963A00EC2020 /* MarsImageViewController.m */ = {isa = PBXFileReference; fileEncoding = 4; lastKnownFileType = sourcecode.c.objc; path = MarsImageViewController.m; sourceTree = "<group>"; };
		4A61959E17C4640700036B16 /* LICENSE */ = {isa = PBXFileReference; fileEncoding = 4; lastKnownFileType = text; name = LICENSE; path = Evernote/LICENSE; sourceTree = "<group>"; };
		4A82D4F018A051E800A6F2BE /* CAHV.h */ = {isa = PBXFileReference; fileEncoding = 4; lastKnownFileType = sourcecode.c.h; path = CAHV.h; sourceTree = "<group>"; };
		4A82D4F118A051E800A6F2BE /* CAHV.m */ = {isa = PBXFileReference; fileEncoding = 4; lastKnownFileType = sourcecode.c.objc; path = CAHV.m; sourceTree = "<group>"; };
		4A82D4F518A054AC00A6F2BE /* CAHVOR.h */ = {isa = PBXFileReference; fileEncoding = 4; lastKnownFileType = sourcecode.c.h; path = CAHVOR.h; sourceTree = "<group>"; };
		4A82D4F618A054AC00A6F2BE /* CAHVOR.m */ = {isa = PBXFileReference; fileEncoding = 4; lastKnownFileType = sourcecode.c.objc; path = CAHVOR.m; sourceTree = "<group>"; };
		4A82D4F818A054BF00A6F2BE /* CAHVORE.h */ = {isa = PBXFileReference; fileEncoding = 4; lastKnownFileType = sourcecode.c.h; path = CAHVORE.h; sourceTree = "<group>"; };
		4A82D4F918A054BF00A6F2BE /* CAHVORE.m */ = {isa = PBXFileReference; fileEncoding = 4; lastKnownFileType = sourcecode.c.objc; path = CAHVORE.m; sourceTree = "<group>"; };
		4A82D4FB18A0585600A6F2BE /* Math.h */ = {isa = PBXFileReference; fileEncoding = 4; lastKnownFileType = sourcecode.c.h; path = Math.h; sourceTree = "<group>"; };
		4A82D4FC18A0585600A6F2BE /* Math.m */ = {isa = PBXFileReference; fileEncoding = 4; lastKnownFileType = sourcecode.c.objc; path = Math.m; sourceTree = "<group>"; };
		4A82D4FE18A17A9C00A6F2BE /* CameraModel.h */ = {isa = PBXFileReference; fileEncoding = 4; lastKnownFileType = sourcecode.c.h; path = CameraModel.h; sourceTree = "<group>"; };
		4A82D4FF18A17A9C00A6F2BE /* CameraModel.m */ = {isa = PBXFileReference; fileEncoding = 4; lastKnownFileType = sourcecode.c.objc; path = CameraModel.m; sourceTree = "<group>"; };
		4A82D50118A17C0B00A6F2BE /* Model.h */ = {isa = PBXFileReference; lastKnownFileType = sourcecode.c.h; path = Model.h; sourceTree = "<group>"; };
		4A82D50218A2F67400A6F2BE /* MarsScene.h */ = {isa = PBXFileReference; fileEncoding = 4; lastKnownFileType = sourcecode.c.h; path = MarsScene.h; sourceTree = "<group>"; };
		4A82D50318A2F67400A6F2BE /* MarsScene.m */ = {isa = PBXFileReference; fileEncoding = 4; lastKnownFileType = sourcecode.c.objc; path = MarsScene.m; sourceTree = "<group>"; };
		4A82D50518A56A5400A6F2BE /* AGLKContext.h */ = {isa = PBXFileReference; fileEncoding = 4; lastKnownFileType = sourcecode.c.h; path = AGLKContext.h; sourceTree = "<group>"; };
		4A82D50618A56A5400A6F2BE /* AGLKContext.m */ = {isa = PBXFileReference; fileEncoding = 4; lastKnownFileType = sourcecode.c.objc; path = AGLKContext.m; sourceTree = "<group>"; };
		4A82D50718A56A5400A6F2BE /* AGLKVertexAttribArrayBuffer.h */ = {isa = PBXFileReference; fileEncoding = 4; lastKnownFileType = sourcecode.c.h; path = AGLKVertexAttribArrayBuffer.h; sourceTree = "<group>"; };
		4A82D50818A56A5400A6F2BE /* AGLKVertexAttribArrayBuffer.m */ = {isa = PBXFileReference; fileEncoding = 4; lastKnownFileType = sourcecode.c.objc; path = AGLKVertexAttribArrayBuffer.m; sourceTree = "<group>"; };
		4A82D50918A56A5400A6F2BE /* SceneMesh.h */ = {isa = PBXFileReference; fileEncoding = 4; lastKnownFileType = sourcecode.c.h; path = SceneMesh.h; sourceTree = "<group>"; };
		4A82D50A18A56A5400A6F2BE /* SceneMesh.m */ = {isa = PBXFileReference; fileEncoding = 4; lastKnownFileType = sourcecode.c.objc; path = SceneMesh.m; sourceTree = "<group>"; };
		4A82D51218A68DA700A6F2BE /* ImageUtility.h */ = {isa = PBXFileReference; fileEncoding = 4; lastKnownFileType = sourcecode.c.h; path = ImageUtility.h; sourceTree = "<group>"; };
		4A82D51318A68DA700A6F2BE /* ImageUtility.m */ = {isa = PBXFileReference; fileEncoding = 4; lastKnownFileType = sourcecode.c.objc; path = ImageUtility.m; sourceTree = "<group>"; };
		4A82D51518A69E1700A6F2BE /* CoreImage.framework */ = {isa = PBXFileReference; lastKnownFileType = wrapper.framework; name = CoreImage.framework; path = System/Library/Frameworks/CoreImage.framework; sourceTree = SDKROOT; };
		4A82D53518A85DB000A6F2BE /* CoreMotion.framework */ = {isa = PBXFileReference; lastKnownFileType = wrapper.framework; name = CoreMotion.framework; path = System/Library/Frameworks/CoreMotion.framework; sourceTree = SDKROOT; };
		4A82D53718A85DBC00A6F2BE /* CoreLocation.framework */ = {isa = PBXFileReference; lastKnownFileType = wrapper.framework; name = CoreLocation.framework; path = System/Library/Frameworks/CoreLocation.framework; sourceTree = SDKROOT; };
		4A8DFF4417C9748B0060D73C /* map_icon@2x.png */ = {isa = PBXFileReference; lastKnownFileType = image.png; path = "map_icon@2x.png"; sourceTree = "<group>"; };
		4A909B83187E59B40040017C /* MarsImageCaptionView.h */ = {isa = PBXFileReference; fileEncoding = 4; lastKnownFileType = sourcecode.c.h; path = MarsImageCaptionView.h; sourceTree = "<group>"; };
		4A909B84187E59B40040017C /* MarsImageCaptionView.m */ = {isa = PBXFileReference; fileEncoding = 4; lastKnownFileType = sourcecode.c.objc; path = MarsImageCaptionView.m; sourceTree = "<group>"; };
		4A909B86187E6F910040017C /* clock.png */ = {isa = PBXFileReference; lastKnownFileType = image.png; path = clock.png; sourceTree = "<group>"; };
		4A909B87187E6F910040017C /* clock@2x.png */ = {isa = PBXFileReference; lastKnownFileType = image.png; path = "clock@2x.png"; sourceTree = "<group>"; };
		4A909B8A187E75110040017C /* rovericon.png */ = {isa = PBXFileReference; lastKnownFileType = image.png; path = rovericon.png; sourceTree = "<group>"; };
		4A909B8B187E75110040017C /* rovericon@2x.png */ = {isa = PBXFileReference; lastKnownFileType = image.png; path = "rovericon@2x.png"; sourceTree = "<group>"; };
		4A9294CD1A5CA9770017EF60 /* binoculars.png */ = {isa = PBXFileReference; lastKnownFileType = image.png; path = binoculars.png; sourceTree = "<group>"; };
		4A9928C51970520200BB9200 /* hover_compass.png */ = {isa = PBXFileReference; lastKnownFileType = image.png; path = hover_compass.png; sourceTree = "<group>"; };
		4A9F46441773CDDF00F8D689 /* map_icon.png */ = {isa = PBXFileReference; lastKnownFileType = image.png; path = map_icon.png; sourceTree = "<group>"; };
		4AA1D52F192DB1BB007A3E4D /* Quaternion.h */ = {isa = PBXFileReference; fileEncoding = 4; lastKnownFileType = sourcecode.c.h; path = Quaternion.h; sourceTree = "<group>"; };
		4AA1D530192DB1BB007A3E4D /* Quaternion.m */ = {isa = PBXFileReference; fileEncoding = 4; lastKnownFileType = sourcecode.c.objc; path = Quaternion.m; sourceTree = "<group>"; };
		4AA888AC17BAEBD000D262D4 /* LICENSE.txt */ = {isa = PBXFileReference; lastKnownFileType = text; path = LICENSE.txt; sourceTree = "<group>"; };
		4AA888AD17BAEC9000D262D4 /* NOTICE.txt */ = {isa = PBXFileReference; lastKnownFileType = text; path = NOTICE.txt; sourceTree = "<group>"; };
		4AAFF47B196A5F94004B93C8 /* left_arrow.png */ = {isa = PBXFileReference; lastKnownFileType = image.png; path = left_arrow.png; sourceTree = "<group>"; };
		4AAFF47C196A5F94004B93C8 /* right_arrow.png */ = {isa = PBXFileReference; lastKnownFileType = image.png; path = right_arrow.png; sourceTree = "<group>"; };
		4AAFF481196B9CEC004B93C8 /* black_background.png */ = {isa = PBXFileReference; lastKnownFileType = image.png; path = black_background.png; sourceTree = "<group>"; };
		4ABF33761863A327001C9AE8 /* placeholder.png */ = {isa = PBXFileReference; lastKnownFileType = image.png; path = placeholder.png; sourceTree = "<group>"; };
		4AC5DCF9165864F400A79555 /* Mars-Images.app */ = {isa = PBXFileReference; explicitFileType = wrapper.application; includeInIndex = 0; path = "Mars-Images.app"; sourceTree = BUILT_PRODUCTS_DIR; };
		4AC5DCFD165864F400A79555 /* UIKit.framework */ = {isa = PBXFileReference; lastKnownFileType = wrapper.framework; name = UIKit.framework; path = System/Library/Frameworks/UIKit.framework; sourceTree = SDKROOT; };
		4AC5DCFF165864F400A79555 /* Foundation.framework */ = {isa = PBXFileReference; lastKnownFileType = wrapper.framework; name = Foundation.framework; path = System/Library/Frameworks/Foundation.framework; sourceTree = SDKROOT; };
		4AC5DD01165864F400A79555 /* CoreGraphics.framework */ = {isa = PBXFileReference; lastKnownFileType = wrapper.framework; name = CoreGraphics.framework; path = System/Library/Frameworks/CoreGraphics.framework; sourceTree = SDKROOT; };
		4AC5DD05165864F400A79555 /* Mars-Images-Info.plist */ = {isa = PBXFileReference; lastKnownFileType = text.plist.xml; path = "Mars-Images-Info.plist"; sourceTree = "<group>"; };
		4AC5DD07165864F400A79555 /* en */ = {isa = PBXFileReference; lastKnownFileType = text.plist.strings; name = en; path = en.lproj/InfoPlist.strings; sourceTree = "<group>"; };
		4AC5DD09165864F400A79555 /* main.m */ = {isa = PBXFileReference; lastKnownFileType = sourcecode.c.objc; path = main.m; sourceTree = "<group>"; };
		4AC5DD0B165864F400A79555 /* Mars-Images-Prefix.pch */ = {isa = PBXFileReference; lastKnownFileType = sourcecode.c.h; path = "Mars-Images-Prefix.pch"; sourceTree = "<group>"; };
		4AC5DD0C165864F400A79555 /* AppDelegate.h */ = {isa = PBXFileReference; lastKnownFileType = sourcecode.c.h; lineEnding = 0; path = AppDelegate.h; sourceTree = "<group>"; xcLanguageSpecificationIdentifier = xcode.lang.objcpp; };
		4AC5DD0D165864F400A79555 /* AppDelegate.m */ = {isa = PBXFileReference; lastKnownFileType = sourcecode.c.objc; lineEnding = 0; path = AppDelegate.m; sourceTree = "<group>"; xcLanguageSpecificationIdentifier = xcode.lang.objc; };
		4AC5DD16165864F400A79555 /* en */ = {isa = PBXFileReference; lastKnownFileType = file.storyboard; name = en; path = en.lproj/MainStoryboard_iPhone.storyboard; sourceTree = "<group>"; };
		4AC5DD19165864F400A79555 /* en */ = {isa = PBXFileReference; lastKnownFileType = file.storyboard; name = en; path = en.lproj/MainStoryboard_iPad.storyboard; sourceTree = "<group>"; };
		4AC5DD26165864F500A79555 /* Mars-ImagesTests.xctest */ = {isa = PBXFileReference; explicitFileType = wrapper.cfbundle; includeInIndex = 0; path = "Mars-ImagesTests.xctest"; sourceTree = BUILT_PRODUCTS_DIR; };
		4AC5DD2F165864F500A79555 /* Mars-ImagesTests-Info.plist */ = {isa = PBXFileReference; lastKnownFileType = text.plist.xml; path = "Mars-ImagesTests-Info.plist"; sourceTree = "<group>"; };
		4AC5DD31165864F500A79555 /* en */ = {isa = PBXFileReference; lastKnownFileType = text.plist.strings; name = en; path = en.lproj/InfoPlist.strings; sourceTree = "<group>"; };
		4AC5DD33165864F500A79555 /* Mars_ImagesTests.h */ = {isa = PBXFileReference; lastKnownFileType = sourcecode.c.h; path = Mars_ImagesTests.h; sourceTree = "<group>"; };
		4AC5DD34165864F500A79555 /* Mars_ImagesTests.m */ = {isa = PBXFileReference; lastKnownFileType = sourcecode.c.objc; path = Mars_ImagesTests.m; sourceTree = "<group>"; };
		4AC5DD45165889C900A79555 /* AboutViewController.h */ = {isa = PBXFileReference; fileEncoding = 4; lastKnownFileType = sourcecode.c.h; path = AboutViewController.h; sourceTree = "<group>"; };
		4AC5DD46165889C900A79555 /* AboutViewController.m */ = {isa = PBXFileReference; fileEncoding = 4; lastKnownFileType = sourcecode.c.objc; lineEnding = 0; path = AboutViewController.m; sourceTree = "<group>"; xcLanguageSpecificationIdentifier = xcode.lang.objc; };
		4AC5DDB216588F3C00A79555 /* Security.framework */ = {isa = PBXFileReference; lastKnownFileType = wrapper.framework; name = Security.framework; path = System/Library/Frameworks/Security.framework; sourceTree = SDKROOT; };
		4AC5DDB416588F4500A79555 /* SystemConfiguration.framework */ = {isa = PBXFileReference; lastKnownFileType = wrapper.framework; name = SystemConfiguration.framework; path = System/Library/Frameworks/SystemConfiguration.framework; sourceTree = SDKROOT; };
		4AC5DDB616588F4D00A79555 /* MessageUI.framework */ = {isa = PBXFileReference; lastKnownFileType = wrapper.framework; name = MessageUI.framework; path = System/Library/Frameworks/MessageUI.framework; sourceTree = SDKROOT; };
		4AC9FB841A02D6AD003B38F4 /* ImageQuad.h */ = {isa = PBXFileReference; lastKnownFileType = sourcecode.c.h; path = ImageQuad.h; sourceTree = "<group>"; };
		4AC9FB851A02D6C9003B38F4 /* ImageQuad.m */ = {isa = PBXFileReference; fileEncoding = 4; lastKnownFileType = sourcecode.c.objc; path = ImageQuad.m; sourceTree = "<group>"; };
		4ACFF6C6174C3344004F5D46 /* MarsTime.h */ = {isa = PBXFileReference; fileEncoding = 4; lastKnownFileType = sourcecode.c.h; path = MarsTime.h; sourceTree = "<group>"; };
		4ACFF6C7174C3344004F5D46 /* MarsTime.m */ = {isa = PBXFileReference; fileEncoding = 4; lastKnownFileType = sourcecode.c.objc; path = MarsTime.m; sourceTree = "<group>"; };
		4AD73E821A0ACAC10043D1B1 /* AGLKFrustum.h */ = {isa = PBXFileReference; fileEncoding = 4; lastKnownFileType = sourcecode.c.h; path = AGLKFrustum.h; sourceTree = "<group>"; };
		4AD73E831A0ACAC10043D1B1 /* AGLKFrustum.m */ = {isa = PBXFileReference; fileEncoding = 4; lastKnownFileType = sourcecode.c.objc; path = AGLKFrustum.m; sourceTree = "<group>"; };
		4AEA8F481A1E7748002071FA /* rovericon@3x.png */ = {isa = PBXFileReference; lastKnownFileType = image.png; path = "rovericon@3x.png"; sourceTree = "<group>"; };
		4AEA8F4A1A1EAE49002071FA /* panorama_icon@3x.png */ = {isa = PBXFileReference; lastKnownFileType = image.png; path = "panorama_icon@3x.png"; sourceTree = "<group>"; };
		4AEA8F4C1A1EB3BB002071FA /* right_arrow@2x.png */ = {isa = PBXFileReference; lastKnownFileType = image.png; path = "right_arrow@2x.png"; sourceTree = "<group>"; };
		4AEA8F4D1A1EB3BB002071FA /* right_arrow@3x.png */ = {isa = PBXFileReference; lastKnownFileType = image.png; path = "right_arrow@3x.png"; sourceTree = "<group>"; };
		4AEA8F501A1EB5A0002071FA /* left_arrow@2x.png */ = {isa = PBXFileReference; lastKnownFileType = image.png; path = "left_arrow@2x.png"; sourceTree = "<group>"; };
		4AEA8F511A1EB5A0002071FA /* left_arrow@3x.png */ = {isa = PBXFileReference; lastKnownFileType = image.png; path = "left_arrow@3x.png"; sourceTree = "<group>"; };
		4AEA8F541A1ED115002071FA /* hamburger_icon@2x.png */ = {isa = PBXFileReference; lastKnownFileType = image.png; path = "hamburger_icon@2x.png"; sourceTree = "<group>"; };
		4AEA8F551A1ED115002071FA /* hamburger_icon@3x.png */ = {isa = PBXFileReference; lastKnownFileType = image.png; path = "hamburger_icon@3x.png"; sourceTree = "<group>"; };
		4AEA8F581A1ED281002071FA /* compass@2x.png */ = {isa = PBXFileReference; lastKnownFileType = image.png; path = "compass@2x.png"; sourceTree = "<group>"; };
		4AEA8F591A1ED281002071FA /* compass@3x.png */ = {isa = PBXFileReference; lastKnownFileType = image.png; path = "compass@3x.png"; sourceTree = "<group>"; };
		4AEA8F5C1A1ED37E002071FA /* clock@3x.png */ = {isa = PBXFileReference; lastKnownFileType = image.png; path = "clock@3x.png"; sourceTree = "<group>"; };
		4AEA8F5E1A1ED49A002071FA /* map_icon@3x.png */ = {isa = PBXFileReference; lastKnownFileType = image.png; path = "map_icon@3x.png"; sourceTree = "<group>"; };
		4AF6CC01194CC41A00271191 /* CoreData.framework */ = {isa = PBXFileReference; lastKnownFileType = wrapper.framework; name = CoreData.framework; path = System/Library/Frameworks/CoreData.framework; sourceTree = SDKROOT; };
		4AFC33A41861274F000C1F32 /* hamburger_icon.png */ = {isa = PBXFileReference; lastKnownFileType = image.png; path = hamburger_icon.png; sourceTree = "<group>"; };
		4AFCBC29196E1D4E00172409 /* panorama_icon.png */ = {isa = PBXFileReference; lastKnownFileType = image.png; path = panorama_icon.png; sourceTree = "<group>"; };
		4AFCBC2A196E1D4E00172409 /* panorama_icon@2x.png */ = {isa = PBXFileReference; lastKnownFileType = image.png; path = "panorama_icon@2x.png"; sourceTree = "<group>"; };
		B29EDB9621050A598591CF58 /* libPods-Mars-Images.a */ = {isa = PBXFileReference; explicitFileType = archive.ar; includeInIndex = 0; path = "libPods-Mars-Images.a"; sourceTree = BUILT_PRODUCTS_DIR; };
		BDA13E235D3B3CEF8EF30C18 /* Pods.distribution.xcconfig */ = {isa = PBXFileReference; includeInIndex = 1; lastKnownFileType = text.xcconfig; name = Pods.distribution.xcconfig; path = "Pods/Target Support Files/Pods/Pods.distribution.xcconfig"; sourceTree = "<group>"; };
		D89066311F92C1561C18ED7C /* Pods.debug.xcconfig */ = {isa = PBXFileReference; includeInIndex = 1; lastKnownFileType = text.xcconfig; name = Pods.debug.xcconfig; path = "Pods/Target Support Files/Pods/Pods.debug.xcconfig"; sourceTree = "<group>"; };
		E09F6E1D10F0D80B8A1850DD /* Pods.release.xcconfig */ = {isa = PBXFileReference; includeInIndex = 1; lastKnownFileType = text.xcconfig; name = Pods.release.xcconfig; path = "Pods/Target Support Files/Pods/Pods.release.xcconfig"; sourceTree = "<group>"; };
		FCA33E0049F041F884F26C22 /* libPods.a */ = {isa = PBXFileReference; explicitFileType = archive.ar; includeInIndex = 0; path = libPods.a; sourceTree = BUILT_PRODUCTS_DIR; };
/* End PBXFileReference section */

/* Begin PBXFrameworksBuildPhase section */
		4AC5DCF6165864F400A79555 /* Frameworks */ = {
			isa = PBXFrameworksBuildPhase;
			buildActionMask = 2147483647;
			files = (
				4A0C816B1872387E00E2DFC4 /* GLKit.framework in Frameworks */,
				4A0C816C1872387E00E2DFC4 /* OpenGLES.framework in Frameworks */,
				4A39DFD116595943001FFD0C /* QuartzCore.framework in Frameworks */,
				4AC5DDB716588F4D00A79555 /* MessageUI.framework in Frameworks */,
				4AC5DDB516588F4500A79555 /* SystemConfiguration.framework in Frameworks */,
				4AC5DDB316588F3C00A79555 /* Security.framework in Frameworks */,
				4AC5DCFE165864F400A79555 /* UIKit.framework in Frameworks */,
				4AC5DD00165864F400A79555 /* Foundation.framework in Frameworks */,
				4AC5DD02165864F400A79555 /* CoreGraphics.framework in Frameworks */,
				4A82D53818A85DBC00A6F2BE /* CoreLocation.framework in Frameworks */,
				4A82D53618A85DB000A6F2BE /* CoreMotion.framework in Frameworks */,
				7409D9236771481BBCE7B2C2 /* libPods.a in Frameworks */,
				AC8F3A649AFB58141207E686 /* libPods-Mars-Images.a in Frameworks */,
			);
			runOnlyForDeploymentPostprocessing = 0;
		};
		4AC5DD22165864F500A79555 /* Frameworks */ = {
			isa = PBXFrameworksBuildPhase;
			buildActionMask = 2147483647;
			files = (
				4ACFF6CB174C7E7E004F5D46 /* Security.framework in Frameworks */,
				4ACFF6CA174C7E6B004F5D46 /* QuartzCore.framework in Frameworks */,
				4AC5DD29165864F500A79555 /* UIKit.framework in Frameworks */,
				4AC5DD2A165864F500A79555 /* Foundation.framework in Frameworks */,
			);
			runOnlyForDeploymentPostprocessing = 0;
		};
/* End PBXFrameworksBuildPhase section */

/* Begin PBXGroup section */
		39375E0439EF7E0D92CF790A /* Pods */ = {
			isa = PBXGroup;
			children = (
				D89066311F92C1561C18ED7C /* Pods.debug.xcconfig */,
				E09F6E1D10F0D80B8A1850DD /* Pods.release.xcconfig */,
				BDA13E235D3B3CEF8EF30C18 /* Pods.distribution.xcconfig */,
				343143D96B869B9FD5F3E651 /* Pods-Mars-Images.debug.xcconfig */,
				19A19A0C6D0380903509E28F /* Pods-Mars-Images.release.xcconfig */,
				0173471C86DC57C8E41D7C73 /* Pods-Mars-Images.distribution.xcconfig */,
			);
			name = Pods;
			sourceTree = "<group>";
		};
		4A82D4F318A0521D00A6F2BE /* rovers */ = {
			isa = PBXGroup;
			children = (
				4A4998F71866688F00A78F67 /* MarsRover.h */,
				4A318AAA195A67690088477C /* Rover.h */,
				4A318AAB195A67690088477C /* Rover.m */,
				4A4998EB186666FA00A78F67 /* MER.h */,
				4A4998EC186666FA00A78F67 /* MER.m */,
				4A4998EE1866670500A78F67 /* Curiosity.h */,
				4A4998EF1866670500A78F67 /* Curiosity.m */,
				4A4998F11866680F00A78F67 /* Opportunity.h */,
				4A4998F21866680F00A78F67 /* Opportunity.m */,
				4A4998F41866681800A78F67 /* Spirit.h */,
				4A4998F51866681800A78F67 /* Spirit.m */,
				4A4998F81866C0B600A78F67 /* MERTitle.h */,
				4A4998F91866C0B600A78F67 /* MERTitle.m */,
				4A33C81C1879144B00EC0D81 /* Title.h */,
				4A33C81D1879144B00EC0D81 /* Title.m */,
			);
			name = rovers;
			sourceTree = "<group>";
		};
		4A82D4F418A0523000A6F2BE /* models */ = {
			isa = PBXGroup;
			children = (
				4A82D50118A17C0B00A6F2BE /* Model.h */,
				4A82D4FE18A17A9C00A6F2BE /* CameraModel.h */,
				4A82D4FF18A17A9C00A6F2BE /* CameraModel.m */,
				4A82D4F018A051E800A6F2BE /* CAHV.h */,
				4A82D4F118A051E800A6F2BE /* CAHV.m */,
				4A82D4F518A054AC00A6F2BE /* CAHVOR.h */,
				4A82D4F618A054AC00A6F2BE /* CAHVOR.m */,
				4A82D4F818A054BF00A6F2BE /* CAHVORE.h */,
				4A82D4F918A054BF00A6F2BE /* CAHVORE.m */,
				4A82D4FB18A0585600A6F2BE /* Math.h */,
				4A82D4FC18A0585600A6F2BE /* Math.m */,
				4AA1D52F192DB1BB007A3E4D /* Quaternion.h */,
				4AA1D530192DB1BB007A3E4D /* Quaternion.m */,
			);
			name = models;
			sourceTree = "<group>";
		};
		4A82D51118A56A6900A6F2BE /* opengl */ = {
			isa = PBXGroup;
			children = (
				4AD73E821A0ACAC10043D1B1 /* AGLKFrustum.h */,
				4AD73E831A0ACAC10043D1B1 /* AGLKFrustum.m */,
				4A82D50518A56A5400A6F2BE /* AGLKContext.h */,
				4A82D50618A56A5400A6F2BE /* AGLKContext.m */,
				4A82D50718A56A5400A6F2BE /* AGLKVertexAttribArrayBuffer.h */,
				4A82D50818A56A5400A6F2BE /* AGLKVertexAttribArrayBuffer.m */,
				4A82D50918A56A5400A6F2BE /* SceneMesh.h */,
				4A82D50A18A56A5400A6F2BE /* SceneMesh.m */,
				4AC9FB841A02D6AD003B38F4 /* ImageQuad.h */,
				4AC9FB851A02D6C9003B38F4 /* ImageQuad.m */,
			);
			name = opengl;
			sourceTree = "<group>";
		};
		4AC5DCEE165864F400A79555 = {
			isa = PBXGroup;
			children = (
				4A11FB6917BC4BCE00439C1E /* README.md */,
				4AA888AC17BAEBD000D262D4 /* LICENSE.txt */,
				4AA888AD17BAEC9000D262D4 /* NOTICE.txt */,
				4A39DFD016595943001FFD0C /* QuartzCore.framework */,
				4AC5DDAD16588C9B00A79555 /* Evernote */,
				4AC5DD03165864F400A79555 /* Mars-Images */,
				4AC5DD2D165864F500A79555 /* Mars-ImagesTests */,
				4AC5DCFC165864F400A79555 /* Frameworks */,
				4AC5DCFA165864F400A79555 /* Products */,
				F2B34EB1F0380C48A3C97FE2 /* Pods */,
			);
			sourceTree = "<group>";
		};
		4AC5DCFA165864F400A79555 /* Products */ = {
			isa = PBXGroup;
			children = (
				4AC5DCF9165864F400A79555 /* Mars-Images.app */,
				4AC5DD26165864F500A79555 /* Mars-ImagesTests.xctest */,
			);
			name = Products;
			sourceTree = "<group>";
		};
		4AC5DCFC165864F400A79555 /* Frameworks */ = {
			isa = PBXGroup;
			children = (
				4AF6CC01194CC41A00271191 /* CoreData.framework */,
				4A82D53718A85DBC00A6F2BE /* CoreLocation.framework */,
				4A82D53518A85DB000A6F2BE /* CoreMotion.framework */,
				4A82D51518A69E1700A6F2BE /* CoreImage.framework */,
				4A0C81691872387E00E2DFC4 /* GLKit.framework */,
				4A0C816A1872387E00E2DFC4 /* OpenGLES.framework */,
				4AC5DDB616588F4D00A79555 /* MessageUI.framework */,
				4AC5DDB416588F4500A79555 /* SystemConfiguration.framework */,
				4AC5DDB216588F3C00A79555 /* Security.framework */,
				4AC5DCFD165864F400A79555 /* UIKit.framework */,
				4AC5DCFF165864F400A79555 /* Foundation.framework */,
				4AC5DD01165864F400A79555 /* CoreGraphics.framework */,
				FCA33E0049F041F884F26C22 /* libPods.a */,
				B29EDB9621050A598591CF58 /* libPods-Mars-Images.a */,
			);
			name = Frameworks;
			sourceTree = "<group>";
		};
		4AC5DD03165864F400A79555 /* Mars-Images */ = {
			isa = PBXGroup;
			children = (
				4A82D4F418A0523000A6F2BE /* models */,
				4A82D51118A56A6900A6F2BE /* opengl */,
				4A82D4F318A0521D00A6F2BE /* rovers */,
				4AC5DD15165864F400A79555 /* MainStoryboard_iPhone.storyboard */,
				4AC5DD18165864F400A79555 /* MainStoryboard_iPad.storyboard */,
				4AC5DD0C165864F400A79555 /* AppDelegate.h */,
				4AC5DD0D165864F400A79555 /* AppDelegate.m */,
				4A31DCF8185E572100174A4A /* MarsImageNotebook.h */,
				4A31DCF9185E572100174A4A /* MarsImageNotebook.m */,
				4A4998FB1867766300A78F67 /* MarsPhoto.h */,
				4A4998FC1867766300A78F67 /* MarsPhoto.m */,
				4ACFF6C6174C3344004F5D46 /* MarsTime.h */,
				4ACFF6C7174C3344004F5D46 /* MarsTime.m */,
				4A33C81F187A21C900EC0D81 /* SearchResultTableCellView.xib */,
				4A31DD04185FB82300174A4A /* MarsSidePanelController.h */,
				4A31DD05185FB82300174A4A /* MarsSidePanelController.m */,
				4A31DCF5185AB52800174A4A /* MarsImageTableViewController.h */,
				4A31DCF6185AB52800174A4A /* MarsImageTableViewController.m */,
				4A5A1E6B181C963A00EC2020 /* MarsImageViewController.h */,
				4A5A1E6C181C963A00EC2020 /* MarsImageViewController.m */,
				4A909B83187E59B40040017C /* MarsImageCaptionView.h */,
				4A909B84187E59B40040017C /* MarsImageCaptionView.m */,
				4A0C8163186FA53100E2DFC4 /* MarsTimeView.h */,
				4A0C8164186FA53100E2DFC4 /* MarsTimeView.m */,
				4A0C8166187237C000E2DFC4 /* MosaicViewController.h */,
				4A0C8167187237C000E2DFC4 /* MosaicViewController.m */,
				4A82D50218A2F67400A6F2BE /* MarsScene.h */,
				4A82D50318A2F67400A6F2BE /* MarsScene.m */,
				4A82D51218A68DA700A6F2BE /* ImageUtility.h */,
				4A82D51318A68DA700A6F2BE /* ImageUtility.m */,
				4A0C816D1872443500E2DFC4 /* InfiniteScrollView.h */,
				4A0C816E1872443500E2DFC4 /* InfiniteScrollView.m */,
				4AC5DD45165889C900A79555 /* AboutViewController.h */,
				4AC5DD46165889C900A79555 /* AboutViewController.m */,
				4A39DFAA1659465B001FFD0C /* FixedWidthImageTableViewCell.h */,
				4A39DFAB1659465B001FFD0C /* FixedWidthImageTableViewCell.m */,
				4A13755418AAD2D500C7B8E0 /* MapViewController.h */,
				4A13755518AAD2D500C7B8E0 /* MapViewController.m */,
				4A13755B18AAE2A600C7B8E0 /* S3TileSource.h */,
				4A13755C18AAE2A600C7B8E0 /* S3TileSource.m */,
				4AC5DD04165864F400A79555 /* Supporting Files */,
				4A39DFA31658B8DB001FFD0C /* Settings.bundle */,
				4A51D7D817E28F7500E8E0D6 /* Images.xcassets */,
			);
			path = "Mars-Images";
			sourceTree = "<group>";
		};
		4AC5DD04165864F400A79555 /* Supporting Files */ = {
			isa = PBXGroup;
			children = (
				4A9294CD1A5CA9770017EF60 /* binoculars.png */,
				4AAFF481196B9CEC004B93C8 /* black_background.png */,
				4A13755918AAE03900C7B8E0 /* clearbackground.png */,
				4A909B86187E6F910040017C /* clock.png */,
				4A909B87187E6F910040017C /* clock@2x.png */,
				4AEA8F5C1A1ED37E002071FA /* clock@3x.png */,
				4A38AB8619365E4F00CEE163 /* compass.png */,
				4AEA8F581A1ED281002071FA /* compass@2x.png */,
				4AEA8F591A1ED281002071FA /* compass@3x.png */,
				4AFC33A41861274F000C1F32 /* hamburger_icon.png */,
				4AEA8F541A1ED115002071FA /* hamburger_icon@2x.png */,
				4AEA8F551A1ED115002071FA /* hamburger_icon@3x.png */,
				4A9928C51970520200BB9200 /* hover_compass.png */,
				4AAFF47B196A5F94004B93C8 /* left_arrow.png */,
				4AEA8F501A1EB5A0002071FA /* left_arrow@2x.png */,
				4AEA8F511A1EB5A0002071FA /* left_arrow@3x.png */,
				4A9F46441773CDDF00F8D689 /* map_icon.png */,
				4A8DFF4417C9748B0060D73C /* map_icon@2x.png */,
				4AEA8F5E1A1ED49A002071FA /* map_icon@3x.png */,
				4AFCBC29196E1D4E00172409 /* panorama_icon.png */,
				4AFCBC2A196E1D4E00172409 /* panorama_icon@2x.png */,
				4AEA8F4A1A1EAE49002071FA /* panorama_icon@3x.png */,
				4ABF33761863A327001C9AE8 /* placeholder.png */,
				4AAFF47C196A5F94004B93C8 /* right_arrow.png */,
				4AEA8F4C1A1EB3BB002071FA /* right_arrow@2x.png */,
				4AEA8F4D1A1EB3BB002071FA /* right_arrow@3x.png */,
				4A909B8A187E75110040017C /* rovericon.png */,
				4A909B8B187E75110040017C /* rovericon@2x.png */,
				4AEA8F481A1E7748002071FA /* rovericon@3x.png */,
				4AC5DD05165864F400A79555 /* Mars-Images-Info.plist */,
				4AC5DD06165864F400A79555 /* InfoPlist.strings */,
				4AC5DD09165864F400A79555 /* main.m */,
				4AC5DD0B165864F400A79555 /* Mars-Images-Prefix.pch */,
			);
			name = "Supporting Files";
			sourceTree = "<group>";
		};
		4AC5DD2D165864F500A79555 /* Mars-ImagesTests */ = {
			isa = PBXGroup;
			children = (
				4AC5DD33165864F500A79555 /* Mars_ImagesTests.h */,
				4AC5DD34165864F500A79555 /* Mars_ImagesTests.m */,
				4AC5DD2E165864F500A79555 /* Supporting Files */,
			);
			path = "Mars-ImagesTests";
			sourceTree = "<group>";
		};
		4AC5DD2E165864F500A79555 /* Supporting Files */ = {
			isa = PBXGroup;
			children = (
				4AC5DD2F165864F500A79555 /* Mars-ImagesTests-Info.plist */,
				4AC5DD30165864F500A79555 /* InfoPlist.strings */,
			);
			name = "Supporting Files";
			sourceTree = "<group>";
		};
		4AC5DDAD16588C9B00A79555 /* Evernote */ = {
			isa = PBXGroup;
			children = (
				4A61959E17C4640700036B16 /* LICENSE */,
				4A26D627176542A600F824E8 /* Evernote.h */,
				4A26D628176542A600F824E8 /* Evernote.m */,
			);
			name = Evernote;
			sourceTree = "<group>";
		};
		F2B34EB1F0380C48A3C97FE2 /* Pods */ = {
			isa = PBXGroup;
			children = (
				46C0CF3D7D9A857BC8FB8BAF /* Pods-Mars-Images.debug.xcconfig */,
				29BD3D82691CC7FC0E233377 /* Pods-Mars-Images.release.xcconfig */,
				6E067665641B2A6B71957CD7 /* Pods-Mars-Images.distribution.xcconfig */,
			);
			name = Pods;
			sourceTree = "<group>";
		};
/* End PBXGroup section */

/* Begin PBXNativeTarget section */
		4AC5DCF8165864F400A79555 /* Mars-Images */ = {
			isa = PBXNativeTarget;
			buildConfigurationList = 4AC5DD38165864F500A79555 /* Build configuration list for PBXNativeTarget "Mars-Images" */;
			buildPhases = (
				CB35C8F705C7447781C79F6A /* [CP] Check Pods Manifest.lock */,
				4AC5DCF5165864F400A79555 /* Sources */,
				4AC5DCF6165864F400A79555 /* Frameworks */,
				4AC5DCF7165864F400A79555 /* Resources */,
				D51628F048294B9795D70692 /* [CP] Copy Pods Resources */,
				E1BCA61AF87F8A24C8C1AEDF /* [CP] Embed Pods Frameworks */,
			);
			buildRules = (
			);
			dependencies = (
			);
			name = "Mars-Images";
			productName = "Mars-Images";
			productReference = 4AC5DCF9165864F400A79555 /* Mars-Images.app */;
			productType = "com.apple.product-type.application";
		};
		4AC5DD25165864F500A79555 /* Mars-ImagesTests */ = {
			isa = PBXNativeTarget;
			buildConfigurationList = 4AC5DD3B165864F500A79555 /* Build configuration list for PBXNativeTarget "Mars-ImagesTests" */;
			buildPhases = (
				4AC5DD21165864F500A79555 /* Sources */,
				4AC5DD22165864F500A79555 /* Frameworks */,
				4AC5DD23165864F500A79555 /* Resources */,
				4AC5DD24165864F500A79555 /* ShellScript */,
			);
			buildRules = (
			);
			dependencies = (
				4AC5DD2C165864F500A79555 /* PBXTargetDependency */,
			);
			name = "Mars-ImagesTests";
			productName = "Mars-ImagesTests";
			productReference = 4AC5DD26165864F500A79555 /* Mars-ImagesTests.xctest */;
			productType = "com.apple.product-type.bundle.unit-test";
		};
/* End PBXNativeTarget section */

/* Begin PBXProject section */
		4AC5DCF0165864F400A79555 /* Project object */ = {
			isa = PBXProject;
			attributes = {
				LastTestingUpgradeCheck = 0700;
				LastUpgradeCheck = 0700;
				ORGANIZATIONNAME = Powellware;
				TargetAttributes = {
					4AC5DCF8165864F400A79555 = {
						DevelopmentTeam = 3SJ2422ERE;
					};
				};
			};
			buildConfigurationList = 4AC5DCF3165864F400A79555 /* Build configuration list for PBXProject "Mars-Images" */;
			compatibilityVersion = "Xcode 3.2";
			developmentRegion = English;
			hasScannedForEncodings = 0;
			knownRegions = (
				en,
			);
			mainGroup = 4AC5DCEE165864F400A79555;
			productRefGroup = 4AC5DCFA165864F400A79555 /* Products */;
			projectDirPath = "";
			projectRoot = "";
			targets = (
				4AC5DCF8165864F400A79555 /* Mars-Images */,
				4AC5DD25165864F500A79555 /* Mars-ImagesTests */,
			);
		};
/* End PBXProject section */

/* Begin PBXResourcesBuildPhase section */
		4AC5DCF7165864F400A79555 /* Resources */ = {
			isa = PBXResourcesBuildPhase;
			buildActionMask = 2147483647;
			files = (
				4A38AB8719365E4F00CEE163 /* compass.png in Resources */,
				4AC5DD08165864F400A79555 /* InfoPlist.strings in Resources */,
				4A51D7D917E28F7500E8E0D6 /* Images.xcassets in Resources */,
				4AEA8F4B1A1EAE49002071FA /* panorama_icon@3x.png in Resources */,
				4AC5DD17165864F400A79555 /* MainStoryboard_iPhone.storyboard in Resources */,
				4AEA8F5D1A1ED37E002071FA /* clock@3x.png in Resources */,
				4AC5DD1A165864F400A79555 /* MainStoryboard_iPad.storyboard in Resources */,
				4AAFF482196B9CEC004B93C8 /* black_background.png in Resources */,
				4A909B8D187E75110040017C /* rovericon@2x.png in Resources */,
				4AEA8F5A1A1ED281002071FA /* compass@2x.png in Resources */,
				4AEA8F561A1ED115002071FA /* hamburger_icon@2x.png in Resources */,
				4AEA8F521A1EB5A0002071FA /* left_arrow@2x.png in Resources */,
				4AEA8F4F1A1EB3BB002071FA /* right_arrow@3x.png in Resources */,
				4A33C820187A21C900EC0D81 /* SearchResultTableCellView.xib in Resources */,
				4AEA8F491A1E7748002071FA /* rovericon@3x.png in Resources */,
				4A13755A18AAE03900C7B8E0 /* clearbackground.png in Resources */,
				4AFCBC2C196E1D4E00172409 /* panorama_icon@2x.png in Resources */,
				4AAFF47D196A5F94004B93C8 /* left_arrow.png in Resources */,
				4A39DFA41658B8DB001FFD0C /* Settings.bundle in Resources */,
				4AEA8F4E1A1EB3BB002071FA /* right_arrow@2x.png in Resources */,
				4AFC33A51861274F000C1F32 /* hamburger_icon.png in Resources */,
				4A909B89187E6F910040017C /* clock@2x.png in Resources */,
				4A909B8C187E75110040017C /* rovericon.png in Resources */,
				4AEA8F5B1A1ED281002071FA /* compass@3x.png in Resources */,
				4AEA8F531A1EB5A0002071FA /* left_arrow@3x.png in Resources */,
				4A9F46451773CDDF00F8D689 /* map_icon.png in Resources */,
				4A11FB6A17BC4BCE00439C1E /* README.md in Resources */,
				4AEA8F571A1ED115002071FA /* hamburger_icon@3x.png in Resources */,
				4A61959F17C4640700036B16 /* LICENSE in Resources */,
				4A8DFF4517C9748B0060D73C /* map_icon@2x.png in Resources */,
				4AFCBC2B196E1D4E00172409 /* panorama_icon.png in Resources */,
				4AEA8F5F1A1ED49A002071FA /* map_icon@3x.png in Resources */,
				4A9928C61970520200BB9200 /* hover_compass.png in Resources */,
				4A9294CE1A5CA9770017EF60 /* binoculars.png in Resources */,
				4A909B88187E6F910040017C /* clock.png in Resources */,
				4ABF33771863A327001C9AE8 /* placeholder.png in Resources */,
				4AAFF47E196A5F94004B93C8 /* right_arrow.png in Resources */,
			);
			runOnlyForDeploymentPostprocessing = 0;
		};
		4AC5DD23165864F500A79555 /* Resources */ = {
			isa = PBXResourcesBuildPhase;
			buildActionMask = 2147483647;
			files = (
				4AC5DD32165864F500A79555 /* InfoPlist.strings in Resources */,
				4A39DFA61658BC6C001FFD0C /* Settings.bundle in Resources */,
			);
			runOnlyForDeploymentPostprocessing = 0;
		};
/* End PBXResourcesBuildPhase section */

/* Begin PBXShellScriptBuildPhase section */
		4AC5DD24165864F500A79555 /* ShellScript */ = {
			isa = PBXShellScriptBuildPhase;
			buildActionMask = 2147483647;
			files = (
			);
			inputPaths = (
			);
			outputPaths = (
			);
			runOnlyForDeploymentPostprocessing = 0;
			shellPath = /bin/sh;
			shellScript = "# Run the unit tests in this test bundle.\n\"${SYSTEM_DEVELOPER_DIR}/Tools/RunUnitTests\"\n";
		};
		CB35C8F705C7447781C79F6A /* [CP] Check Pods Manifest.lock */ = {
			isa = PBXShellScriptBuildPhase;
			buildActionMask = 2147483647;
			files = (
			);
			inputPaths = (
			);
			name = "[CP] Check Pods Manifest.lock";
			outputPaths = (
			);
			runOnlyForDeploymentPostprocessing = 0;
			shellPath = /bin/sh;
			shellScript = "diff \"${PODS_ROOT}/../Podfile.lock\" \"${PODS_ROOT}/Manifest.lock\" > /dev/null\nif [ $? != 0 ] ; then\n    # print error to STDERR\n    echo \"error: The sandbox is not in sync with the Podfile.lock. Run 'pod install' or update your CocoaPods installation.\" >&2\n    exit 1\nfi\n";
			showEnvVarsInLog = 0;
		};
		D51628F048294B9795D70692 /* [CP] Copy Pods Resources */ = {
			isa = PBXShellScriptBuildPhase;
			buildActionMask = 2147483647;
			files = (
			);
			inputPaths = (
			);
			name = "[CP] Copy Pods Resources";
			outputPaths = (
			);
			runOnlyForDeploymentPostprocessing = 0;
			shellPath = /bin/sh;
			shellScript = "\"${SRCROOT}/Pods/Target Support Files/Pods-Mars-Images/Pods-Mars-Images-resources.sh\"\n";
			showEnvVarsInLog = 0;
		};
		E1BCA61AF87F8A24C8C1AEDF /* [CP] Embed Pods Frameworks */ = {
			isa = PBXShellScriptBuildPhase;
			buildActionMask = 2147483647;
			files = (
			);
			inputPaths = (
			);
			name = "[CP] Embed Pods Frameworks";
			outputPaths = (
			);
			runOnlyForDeploymentPostprocessing = 0;
			shellPath = /bin/sh;
			shellScript = "\"${SRCROOT}/Pods/Target Support Files/Pods-Mars-Images/Pods-Mars-Images-frameworks.sh\"\n";
			showEnvVarsInLog = 0;
		};
/* End PBXShellScriptBuildPhase section */

/* Begin PBXSourcesBuildPhase section */
		4AC5DCF5165864F400A79555 /* Sources */ = {
			isa = PBXSourcesBuildPhase;
			buildActionMask = 2147483647;
			files = (
				4A82D4FD18A0585600A6F2BE /* Math.m in Sources */,
				4AA1D531192DB1BB007A3E4D /* Quaternion.m in Sources */,
				4A4998ED186666FA00A78F67 /* MER.m in Sources */,
				4A82D50D18A56A5400A6F2BE /* AGLKContext.m in Sources */,
				4A82D50018A17A9C00A6F2BE /* CameraModel.m in Sources */,
				4A13755D18AAE2A600C7B8E0 /* S3TileSource.m in Sources */,
				4A0C816F1872443500E2DFC4 /* InfiniteScrollView.m in Sources */,
				4A82D50F18A56A5400A6F2BE /* SceneMesh.m in Sources */,
				4A82D4F218A051E800A6F2BE /* CAHV.m in Sources */,
				4A33C81E1879144B00EC0D81 /* Title.m in Sources */,
				4A82D51418A68DA700A6F2BE /* ImageUtility.m in Sources */,
				4A82D4F718A054AC00A6F2BE /* CAHVOR.m in Sources */,
				4A4998FD1867766300A78F67 /* MarsPhoto.m in Sources */,
				4A13755618AAD2D500C7B8E0 /* MapViewController.m in Sources */,
				4AC5DD0A165864F400A79555 /* main.m in Sources */,
				4A318AAC195A67690088477C /* Rover.m in Sources */,
				4AC5DD0E165864F400A79555 /* AppDelegate.m in Sources */,
				4A4998FA1866C0B600A78F67 /* MERTitle.m in Sources */,
				4A31DD06185FB82300174A4A /* MarsSidePanelController.m in Sources */,
				4AC5DD47165889C900A79555 /* AboutViewController.m in Sources */,
				4A31DCF7185AB52800174A4A /* MarsImageTableViewController.m in Sources */,
				4A4998F61866681800A78F67 /* Spirit.m in Sources */,
				4A39DFAC1659465B001FFD0C /* FixedWidthImageTableViewCell.m in Sources */,
				4A82D4FA18A054BF00A6F2BE /* CAHVORE.m in Sources */,
				4A4998F01866670500A78F67 /* Curiosity.m in Sources */,
				4A5A1E6D181C963A00EC2020 /* MarsImageViewController.m in Sources */,
				4A4998F31866680F00A78F67 /* Opportunity.m in Sources */,
				4A0C8165186FA53100E2DFC4 /* MarsTimeView.m in Sources */,
				4AC9FB861A02D6C9003B38F4 /* ImageQuad.m in Sources */,
				4ACFF6C8174C3344004F5D46 /* MarsTime.m in Sources */,
				4A82D50E18A56A5400A6F2BE /* AGLKVertexAttribArrayBuffer.m in Sources */,
				4A26D631176542A600F824E8 /* Evernote.m in Sources */,
				4AD73E841A0ACAC10043D1B1 /* AGLKFrustum.m in Sources */,
				4A31DCFA185E572100174A4A /* MarsImageNotebook.m in Sources */,
				4A82D50418A2F67400A6F2BE /* MarsScene.m in Sources */,
				4A0C8168187237C000E2DFC4 /* MosaicViewController.m in Sources */,
				4A909B85187E59B40040017C /* MarsImageCaptionView.m in Sources */,
			);
			runOnlyForDeploymentPostprocessing = 0;
		};
		4AC5DD21165864F500A79555 /* Sources */ = {
			isa = PBXSourcesBuildPhase;
			buildActionMask = 2147483647;
			files = (
				4AC5DD35165864F500A79555 /* Mars_ImagesTests.m in Sources */,
			);
			runOnlyForDeploymentPostprocessing = 0;
		};
/* End PBXSourcesBuildPhase section */

/* Begin PBXTargetDependency section */
		4AC5DD2C165864F500A79555 /* PBXTargetDependency */ = {
			isa = PBXTargetDependency;
			target = 4AC5DCF8165864F400A79555 /* Mars-Images */;
			targetProxy = 4AC5DD2B165864F500A79555 /* PBXContainerItemProxy */;
		};
/* End PBXTargetDependency section */

/* Begin PBXVariantGroup section */
		4AC5DD06165864F400A79555 /* InfoPlist.strings */ = {
			isa = PBXVariantGroup;
			children = (
				4AC5DD07165864F400A79555 /* en */,
			);
			name = InfoPlist.strings;
			sourceTree = "<group>";
		};
		4AC5DD15165864F400A79555 /* MainStoryboard_iPhone.storyboard */ = {
			isa = PBXVariantGroup;
			children = (
				4AC5DD16165864F400A79555 /* en */,
			);
			name = MainStoryboard_iPhone.storyboard;
			sourceTree = "<group>";
		};
		4AC5DD18165864F400A79555 /* MainStoryboard_iPad.storyboard */ = {
			isa = PBXVariantGroup;
			children = (
				4AC5DD19165864F400A79555 /* en */,
			);
			name = MainStoryboard_iPad.storyboard;
			sourceTree = "<group>";
		};
		4AC5DD30165864F500A79555 /* InfoPlist.strings */ = {
			isa = PBXVariantGroup;
			children = (
				4AC5DD31165864F500A79555 /* en */,
			);
			name = InfoPlist.strings;
			sourceTree = "<group>";
		};
/* End PBXVariantGroup section */

/* Begin XCBuildConfiguration section */
		4A9EB732168B848C000DB4DF /* Distribution */ = {
			isa = XCBuildConfiguration;
			buildSettings = {
				ALWAYS_SEARCH_USER_PATHS = NO;
				CLANG_CXX_LANGUAGE_STANDARD = "gnu++0x";
				CLANG_CXX_LIBRARY = "libc++";
				CLANG_ENABLE_OBJC_ARC = YES;
				CLANG_WARN_EMPTY_BODY = YES;
				CLANG_WARN__DUPLICATE_METHOD_MATCH = YES;
				CODE_SIGN_IDENTITY = "iPhone Distribution: Mark Powell (3SJ2422ERE)";
				"CODE_SIGN_IDENTITY[sdk=*]" = "";
				COPY_PHASE_STRIP = YES;
				GCC_C_LANGUAGE_STANDARD = gnu99;
				GCC_WARN_ABOUT_RETURN_TYPE = YES;
				GCC_WARN_UNINITIALIZED_AUTOS = YES;
				GCC_WARN_UNUSED_VARIABLE = YES;
				IPHONEOS_DEPLOYMENT_TARGET = 7.0;
				OTHER_CFLAGS = "-DNS_BLOCK_ASSERTIONS=1";
				PROVISIONING_PROFILE = "5BC49AEB-683B-4AA2-BE43-9D8025C786AD";
				SDKROOT = iphoneos;
				TARGETED_DEVICE_FAMILY = "1,2";
				VALIDATE_PRODUCT = YES;
			};
			name = Distribution;
		};
		4A9EB733168B848C000DB4DF /* Distribution */ = {
			isa = XCBuildConfiguration;
			baseConfigurationReference = 0173471C86DC57C8E41D7C73 /* Pods-Mars-Images.distribution.xcconfig */;
			buildSettings = {
				ASSETCATALOG_COMPILER_APPICON_NAME = AppIcon;
				ASSETCATALOG_COMPILER_LAUNCHIMAGE_NAME = LaunchImage;
				CODE_SIGN_IDENTITY = "iPhone Developer";
				"CODE_SIGN_IDENTITY[sdk=*]" = "iPhone Distribution: Mark Powell (3SJ2422ERE)";
				"CODE_SIGN_IDENTITY[sdk=iphoneos*]" = "iPhone Developer";
				ENABLE_BITCODE = NO;
				GCC_PRECOMPILE_PREFIX_HEADER = YES;
				GCC_PREFIX_HEADER = "Mars-Images/Mars-Images-Prefix.pch";
				INFOPLIST_FILE = "Mars-Images/Mars-Images-Info.plist";
				IPHONEOS_DEPLOYMENT_TARGET = 7.0;
				PRODUCT_BUNDLE_IDENTIFIER = "com.powellware.${PRODUCT_NAME:rfc1034identifier}";
				PRODUCT_NAME = "Mars-Images";
				PROVISIONING_PROFILE = "";
				"PROVISIONING_PROFILE[sdk=*]" = "";
				WRAPPER_EXTENSION = app;
			};
			name = Distribution;
		};
		4A9EB734168B848C000DB4DF /* Distribution */ = {
			isa = XCBuildConfiguration;
			buildSettings = {
				BUNDLE_LOADER = "$(BUILT_PRODUCTS_DIR)/Mars-Images.app/Mars-Images";
				FRAMEWORK_SEARCH_PATHS = (
					"\"$(SDKROOT)/Developer/Library/Frameworks\"",
					"\"$(DEVELOPER_LIBRARY_DIR)/Frameworks\"",
					"$(inherited)",
				);
				GCC_PRECOMPILE_PREFIX_HEADER = YES;
				GCC_PREFIX_HEADER = "Mars-Images/Mars-Images-Prefix.pch";
				INFOPLIST_FILE = "Mars-ImagesTests/Mars-ImagesTests-Info.plist";
				PRODUCT_BUNDLE_IDENTIFIER = "com.powellware.${PRODUCT_NAME:rfc1034identifier}";
				PRODUCT_NAME = "Mars-ImagesTests";
				TEST_HOST = "$(BUNDLE_LOADER)";
			};
			name = Distribution;
		};
		4AC5DD36165864F500A79555 /* Debug */ = {
			isa = XCBuildConfiguration;
			buildSettings = {
				ALWAYS_SEARCH_USER_PATHS = NO;
				CLANG_CXX_LANGUAGE_STANDARD = "gnu++0x";
				CLANG_CXX_LIBRARY = "libc++";
				CLANG_ENABLE_OBJC_ARC = YES;
				CLANG_WARN_EMPTY_BODY = YES;
				CLANG_WARN__DUPLICATE_METHOD_MATCH = YES;
				CODE_SIGN_IDENTITY = "iPhone Distribution: Mark Powell (3SJ2422ERE)";
				"CODE_SIGN_IDENTITY[sdk=iphoneos*]" = "";
				COPY_PHASE_STRIP = NO;
				ENABLE_TESTABILITY = YES;
				GCC_C_LANGUAGE_STANDARD = gnu99;
				GCC_DYNAMIC_NO_PIC = NO;
				GCC_OPTIMIZATION_LEVEL = 0;
				GCC_PREPROCESSOR_DEFINITIONS = (
					"DEBUG=1",
					"$(inherited)",
				);
				GCC_SYMBOLS_PRIVATE_EXTERN = NO;
				GCC_WARN_ABOUT_RETURN_TYPE = YES;
				GCC_WARN_UNINITIALIZED_AUTOS = YES;
				GCC_WARN_UNUSED_VARIABLE = YES;
				IPHONEOS_DEPLOYMENT_TARGET = 7.0;
				ONLY_ACTIVE_ARCH = YES;
				PROVISIONING_PROFILE = "5BC49AEB-683B-4AA2-BE43-9D8025C786AD";
				SDKROOT = iphoneos;
				TARGETED_DEVICE_FAMILY = "1,2";
			};
			name = Debug;
		};
		4AC5DD37165864F500A79555 /* Release */ = {
			isa = XCBuildConfiguration;
			buildSettings = {
				ALWAYS_SEARCH_USER_PATHS = NO;
				CLANG_CXX_LANGUAGE_STANDARD = "gnu++0x";
				CLANG_CXX_LIBRARY = "libc++";
				CLANG_ENABLE_OBJC_ARC = YES;
				CLANG_WARN_EMPTY_BODY = YES;
				CLANG_WARN__DUPLICATE_METHOD_MATCH = YES;
				CODE_SIGN_IDENTITY = "iPhone Distribution: Mark Powell (3SJ2422ERE)";
				"CODE_SIGN_IDENTITY[sdk=iphoneos*]" = "";
				COPY_PHASE_STRIP = YES;
				GCC_C_LANGUAGE_STANDARD = gnu99;
				GCC_WARN_ABOUT_RETURN_TYPE = YES;
				GCC_WARN_UNINITIALIZED_AUTOS = YES;
				GCC_WARN_UNUSED_VARIABLE = YES;
				IPHONEOS_DEPLOYMENT_TARGET = 7.0;
				OTHER_CFLAGS = "-DNS_BLOCK_ASSERTIONS=1";
				PROVISIONING_PROFILE = "5BC49AEB-683B-4AA2-BE43-9D8025C786AD";
				SDKROOT = iphoneos;
				TARGETED_DEVICE_FAMILY = "1,2";
				VALIDATE_PRODUCT = YES;
			};
			name = Release;
		};
		4AC5DD39165864F500A79555 /* Debug */ = {
			isa = XCBuildConfiguration;
			baseConfigurationReference = 343143D96B869B9FD5F3E651 /* Pods-Mars-Images.debug.xcconfig */;
			buildSettings = {
				ASSETCATALOG_COMPILER_APPICON_NAME = AppIcon;
				ASSETCATALOG_COMPILER_LAUNCHIMAGE_NAME = LaunchImage;
				CODE_SIGN_IDENTITY = "iPhone Developer";
				"CODE_SIGN_IDENTITY[sdk=iphoneos*]" = "iPhone Developer";
				ENABLE_BITCODE = NO;
				GCC_PRECOMPILE_PREFIX_HEADER = YES;
				GCC_PREFIX_HEADER = "Mars-Images/Mars-Images-Prefix.pch";
				INFOPLIST_FILE = "Mars-Images/Mars-Images-Info.plist";
				IPHONEOS_DEPLOYMENT_TARGET = 7.0;
				PRODUCT_BUNDLE_IDENTIFIER = "com.powellware.${PRODUCT_NAME:rfc1034identifier}";
				PRODUCT_NAME = "Mars-Images";
				PROVISIONING_PROFILE = "";
				WRAPPER_EXTENSION = app;
			};
			name = Debug;
		};
		4AC5DD3A165864F500A79555 /* Release */ = {
			isa = XCBuildConfiguration;
			baseConfigurationReference = 19A19A0C6D0380903509E28F /* Pods-Mars-Images.release.xcconfig */;
			buildSettings = {
				ASSETCATALOG_COMPILER_APPICON_NAME = AppIcon;
				ASSETCATALOG_COMPILER_LAUNCHIMAGE_NAME = LaunchImage;
				CODE_SIGN_IDENTITY = "iPhone Developer";
				"CODE_SIGN_IDENTITY[sdk=iphoneos*]" = "iPhone Developer";
				ENABLE_BITCODE = NO;
				GCC_PRECOMPILE_PREFIX_HEADER = YES;
				GCC_PREFIX_HEADER = "Mars-Images/Mars-Images-Prefix.pch";
				INFOPLIST_FILE = "Mars-Images/Mars-Images-Info.plist";
				IPHONEOS_DEPLOYMENT_TARGET = 7.0;
				PRODUCT_BUNDLE_IDENTIFIER = "com.powellware.${PRODUCT_NAME:rfc1034identifier}";
				PRODUCT_NAME = "Mars-Images";
				PROVISIONING_PROFILE = "";
				"PROVISIONING_PROFILE[sdk=iphoneos*]" = "";
				WRAPPER_EXTENSION = app;
			};
			name = Release;
		};
		4AC5DD3C165864F500A79555 /* Debug */ = {
			isa = XCBuildConfiguration;
			buildSettings = {
				BUNDLE_LOADER = "$(BUILT_PRODUCTS_DIR)/Mars-Images.app/Mars-Images";
				FRAMEWORK_SEARCH_PATHS = (
					"\"$(SDKROOT)/Developer/Library/Frameworks\"",
					"\"$(DEVELOPER_LIBRARY_DIR)/Frameworks\"",
					"$(inherited)",
				);
				GCC_PRECOMPILE_PREFIX_HEADER = YES;
				GCC_PREFIX_HEADER = "Mars-Images/Mars-Images-Prefix.pch";
				INFOPLIST_FILE = "Mars-ImagesTests/Mars-ImagesTests-Info.plist";
				PRODUCT_BUNDLE_IDENTIFIER = "com.powellware.${PRODUCT_NAME:rfc1034identifier}";
				PRODUCT_NAME = "Mars-ImagesTests";
				TEST_HOST = "$(BUNDLE_LOADER)";
			};
			name = Debug;
		};
		4AC5DD3D165864F500A79555 /* Release */ = {
			isa = XCBuildConfiguration;
			buildSettings = {
				BUNDLE_LOADER = "$(BUILT_PRODUCTS_DIR)/Mars-Images.app/Mars-Images";
				FRAMEWORK_SEARCH_PATHS = (
					"\"$(SDKROOT)/Developer/Library/Frameworks\"",
					"\"$(DEVELOPER_LIBRARY_DIR)/Frameworks\"",
					"$(inherited)",
				);
				GCC_PRECOMPILE_PREFIX_HEADER = YES;
				GCC_PREFIX_HEADER = "Mars-Images/Mars-Images-Prefix.pch";
				INFOPLIST_FILE = "Mars-ImagesTests/Mars-ImagesTests-Info.plist";
				PRODUCT_BUNDLE_IDENTIFIER = "com.powellware.${PRODUCT_NAME:rfc1034identifier}";
				PRODUCT_NAME = "Mars-ImagesTests";
				TEST_HOST = "$(BUNDLE_LOADER)";
			};
			name = Release;
		};
/* End XCBuildConfiguration section */

/* Begin XCConfigurationList section */
		4AC5DCF3165864F400A79555 /* Build configuration list for PBXProject "Mars-Images" */ = {
			isa = XCConfigurationList;
			buildConfigurations = (
				4AC5DD36165864F500A79555 /* Debug */,
				4AC5DD37165864F500A79555 /* Release */,
				4A9EB732168B848C000DB4DF /* Distribution */,
			);
			defaultConfigurationIsVisible = 0;
			defaultConfigurationName = Release;
		};
		4AC5DD38165864F500A79555 /* Build configuration list for PBXNativeTarget "Mars-Images" */ = {
			isa = XCConfigurationList;
			buildConfigurations = (
				4AC5DD39165864F500A79555 /* Debug */,
				4AC5DD3A165864F500A79555 /* Release */,
				4A9EB733168B848C000DB4DF /* Distribution */,
			);
			defaultConfigurationIsVisible = 0;
			defaultConfigurationName = Release;
		};
		4AC5DD3B165864F500A79555 /* Build configuration list for PBXNativeTarget "Mars-ImagesTests" */ = {
			isa = XCConfigurationList;
			buildConfigurations = (
				4AC5DD3C165864F500A79555 /* Debug */,
				4AC5DD3D165864F500A79555 /* Release */,
				4A9EB734168B848C000DB4DF /* Distribution */,
			);
			defaultConfigurationIsVisible = 0;
			defaultConfigurationName = Release;
		};
/* End XCConfigurationList section */
	};
	rootObject = 4AC5DCF0165864F400A79555 /* Project object */;
}
